// !$*UTF8*$!
{
	archiveVersion = 1;
	classes = {
	};
	objectVersion = 48;
	objects = {

/* Begin PBXBuildFile section */
		76D66BC5213A1AF300AEF9D9 /* Assets.xcassets in Resources */ = {isa = PBXBuildFile; fileRef = 76D66BC4213A1AF300AEF9D9 /* Assets.xcassets */; };
		85E09B72D71DAD9C210FA42C /* Pods_NoTouch.framework in Frameworks */ = {isa = PBXBuildFile; fileRef = 438ACC009489100DC0103A88 /* Pods_NoTouch.framework */; };
		8FF37ED6376A450A145AE97C /* libPods-NoTouchTests.a in Frameworks */ = {isa = PBXBuildFile; fileRef = B3A910B8CFFFE40CDF8B58FC /* libPods-NoTouchTests.a */; };
		C32406C02414547D00D5AC9E /* beep-offic.m4a in Resources */ = {isa = PBXBuildFile; fileRef = C32406BF2414547C00D5AC9E /* beep-offic.m4a */; };
		C32406C4241456F100D5AC9E /* TutorialViewController.swift in Sources */ = {isa = PBXBuildFile; fileRef = C32406C3241456F100D5AC9E /* TutorialViewController.swift */; };
		C32406C6241459F500D5AC9E /* SlideView.swift in Sources */ = {isa = PBXBuildFile; fileRef = C32406C5241459F500D5AC9E /* SlideView.swift */; };
		C32406CA24145C7100D5AC9E /* SF-Pro-Display-Heavy.otf in Resources */ = {isa = PBXBuildFile; fileRef = C32406C924145C7100D5AC9E /* SF-Pro-Display-Heavy.otf */; };
		C32B70B624152D52008F1D39 /* FirstRunModel.swift in Sources */ = {isa = PBXBuildFile; fileRef = C32B70B524152D52008F1D39 /* FirstRunModel.swift */; };
		C34A85102426575C00161F28 /* TrainingImage.swift in Sources */ = {isa = PBXBuildFile; fileRef = C34A850F2426575C00161F28 /* TrainingImage.swift */; };
		C34A851224265C9200161F28 /* Orienter.swift in Sources */ = {isa = PBXBuildFile; fileRef = C34A851124265C9200161F28 /* Orienter.swift */; };
		C34A851C2426742A00161F28 /* NoTouchTests.swift in Sources */ = {isa = PBXBuildFile; fileRef = C34A851B2426742A00161F28 /* NoTouchTests.swift */; };
		C355B88B2415602F00FE69A9 /* InfoViewController.swift in Sources */ = {isa = PBXBuildFile; fileRef = C355B88A2415602F00FE69A9 /* InfoViewController.swift */; };
		C355B88E2415626F00FE69A9 /* GradientButton.swift in Sources */ = {isa = PBXBuildFile; fileRef = C355B88D2415626F00FE69A9 /* GradientButton.swift */; };
		C355B89124156C5B00FE69A9 /* InfoTutorialProvider.swift in Sources */ = {isa = PBXBuildFile; fileRef = C355B89024156C5B00FE69A9 /* InfoTutorialProvider.swift */; };
		C355B89C2415836C00FE69A9 /* FirstIntroView.xib in Resources */ = {isa = PBXBuildFile; fileRef = C355B89E2415836C00FE69A9 /* FirstIntroView.xib */; };
		C355B8B72415849300FE69A9 /* SlideView.xib in Resources */ = {isa = PBXBuildFile; fileRef = C355B8B92415849300FE69A9 /* SlideView.xib */; };
		C35C3F882415486E008DDB5B /* NTError.swift in Sources */ = {isa = PBXBuildFile; fileRef = C35C3F872415486E008DDB5B /* NTError.swift */; };
		C36795FC24146A1500886163 /* Localizable.strings in Resources */ = {isa = PBXBuildFile; fileRef = C36795FE24146A1500886163 /* Localizable.strings */; };
		C367960D24146B1300886163 /* TutorialViewModel.swift in Sources */ = {isa = PBXBuildFile; fileRef = C367960C24146B1300886163 /* TutorialViewModel.swift */; };
		C367960F241485C300886163 /* TutorialProvider.swift in Sources */ = {isa = PBXBuildFile; fileRef = C367960E241485C300886163 /* TutorialProvider.swift */; };
		C3679611241488DC00886163 /* FirstIntroView.swift in Sources */ = {isa = PBXBuildFile; fileRef = C3679610241488DC00886163 /* FirstIntroView.swift */; };
		C387C168240F1363008C47F5 /* AlertViewModel.swift in Sources */ = {isa = PBXBuildFile; fileRef = C387C167240F1363008C47F5 /* AlertViewModel.swift */; };
		C387C16B240F1EC3008C47F5 /* AudioAlert.swift in Sources */ = {isa = PBXBuildFile; fileRef = C387C16A240F1EC3008C47F5 /* AudioAlert.swift */; };
		C38D3D50241BC4F00077C68E /* UIViewController+Alert.swift in Sources */ = {isa = PBXBuildFile; fileRef = C38D3D4F241BC4F00077C68E /* UIViewController+Alert.swift */; };
		C38D3D52241BC8170077C68E /* AlertView.swift in Sources */ = {isa = PBXBuildFile; fileRef = C38D3D51241BC8170077C68E /* AlertView.swift */; };
		C38D3D54241BC9F80077C68E /* CameraAuthModel.swift in Sources */ = {isa = PBXBuildFile; fileRef = C38D3D53241BC9F80077C68E /* CameraAuthModel.swift */; };
		C3908DA824269CFF0055BC97 /* ImageFeatureProvider.swift in Sources */ = {isa = PBXBuildFile; fileRef = C3908DA724269CFF0055BC97 /* ImageFeatureProvider.swift */; };
		C3B10AF2241D566300613EE9 /* ImageStorer.swift in Sources */ = {isa = PBXBuildFile; fileRef = C3B10AF1241D566300613EE9 /* ImageStorer.swift */; };
		C3E09D9C24148B3A00698A29 /* SF-Pro-Display-Medium.otf in Resources */ = {isa = PBXBuildFile; fileRef = C3E09D9B24148B3A00698A29 /* SF-Pro-Display-Medium.otf */; };
		C3F11F83243142CC00078BFB /* no-touch-2-updatable.mlmodel in Sources */ = {isa = PBXBuildFile; fileRef = C3F11F82243142CC00078BFB /* no-touch-2-updatable.mlmodel */; };
		C3F746AB2419AB99001EB7D0 /* GoogleService-Info.plist in Resources */ = {isa = PBXBuildFile; fileRef = C3F746AA2419AB98001EB7D0 /* GoogleService-Info.plist */; };
		C3F7AAE92425838F00BBF34C /* ModelUpdater.swift in Sources */ = {isa = PBXBuildFile; fileRef = C3F7AAE82425838F00BBF34C /* ModelUpdater.swift */; };
		C3FA8E74241C34EE00CB79B5 /* AlertView.xib in Resources */ = {isa = PBXBuildFile; fileRef = C3FA8E73241C34EE00CB79B5 /* AlertView.xib */; };
		FA0F95BF20B8883700378A66 /* ProductCatalog.plist in Resources */ = {isa = PBXBuildFile; fileRef = FA0F95BE20B8883700378A66 /* ProductCatalog.plist */; };
		FAA391EA20B5D2480085DA28 /* UIKit.framework in Frameworks */ = {isa = PBXBuildFile; fileRef = FAA391E920B5D2480085DA28 /* UIKit.framework */; };
		FAA391EC20B5D2510085DA28 /* Vision.framework in Frameworks */ = {isa = PBXBuildFile; fileRef = FAA391EB20B5D2510085DA28 /* Vision.framework */; };
		FAA391EE20B5D2570085DA28 /* CoreML.framework in Frameworks */ = {isa = PBXBuildFile; fileRef = FAA391ED20B5D2570085DA28 /* CoreML.framework */; };
		FAB417F62099308400494E9C /* VisionViewController.swift in Sources */ = {isa = PBXBuildFile; fileRef = FAB417F52099308400494E9C /* VisionViewController.swift */; };
		FAD5009F1ED668B60074D713 /* AppDelegate.swift in Sources */ = {isa = PBXBuildFile; fileRef = FAD5009E1ED668B60074D713 /* AppDelegate.swift */; };
		FAD500A11ED668B60074D713 /* ViewController.swift in Sources */ = {isa = PBXBuildFile; fileRef = FAD500A01ED668B60074D713 /* ViewController.swift */; };
		FAD500A41ED668B60074D713 /* Main.storyboard in Resources */ = {isa = PBXBuildFile; fileRef = FAD500A21ED668B60074D713 /* Main.storyboard */; };
		FAD500A91ED668B60074D713 /* LaunchScreen.storyboard in Resources */ = {isa = PBXBuildFile; fileRef = FAD500A71ED668B60074D713 /* LaunchScreen.storyboard */; };
/* End PBXBuildFile section */

/* Begin PBXContainerItemProxy section */
		C34A851E2426742A00161F28 /* PBXContainerItemProxy */ = {
			isa = PBXContainerItemProxy;
			containerPortal = FAD500931ED668B60074D713 /* Project object */;
			proxyType = 1;
			remoteGlobalIDString = FAD5009A1ED668B60074D713;
			remoteInfo = NoTouch;
		};
/* End PBXContainerItemProxy section */

/* Begin PBXFileReference section */
		271D95A14E17B43E0AB2B735 /* Pods-NoTouch.release.xcconfig */ = {isa = PBXFileReference; includeInIndex = 1; lastKnownFileType = text.xcconfig; name = "Pods-NoTouch.release.xcconfig"; path = "Pods/Target Support Files/Pods-NoTouch/Pods-NoTouch.release.xcconfig"; sourceTree = "<group>"; };
		438ACC009489100DC0103A88 /* Pods_NoTouch.framework */ = {isa = PBXFileReference; explicitFileType = wrapper.framework; includeInIndex = 0; path = Pods_NoTouch.framework; sourceTree = BUILT_PRODUCTS_DIR; };
		477ED183B446C6023E46C2FA /* Pods-NoTouchTests.debug.xcconfig */ = {isa = PBXFileReference; includeInIndex = 1; lastKnownFileType = text.xcconfig; name = "Pods-NoTouchTests.debug.xcconfig"; path = "Pods/Target Support Files/Pods-NoTouchTests/Pods-NoTouchTests.debug.xcconfig"; sourceTree = "<group>"; };
		56282AC0367BCE090BDECBAD /* Pods-NoTouch.debug.xcconfig */ = {isa = PBXFileReference; includeInIndex = 1; lastKnownFileType = text.xcconfig; name = "Pods-NoTouch.debug.xcconfig"; path = "Pods/Target Support Files/Pods-NoTouch/Pods-NoTouch.debug.xcconfig"; sourceTree = "<group>"; };
		56EA538BED602C23E4FEB5CE /* Pods-NoTouchTests.release.xcconfig */ = {isa = PBXFileReference; includeInIndex = 1; lastKnownFileType = text.xcconfig; name = "Pods-NoTouchTests.release.xcconfig"; path = "Pods/Target Support Files/Pods-NoTouchTests/Pods-NoTouchTests.release.xcconfig"; sourceTree = "<group>"; };
		76D66BC4213A1AF300AEF9D9 /* Assets.xcassets */ = {isa = PBXFileReference; lastKnownFileType = folder.assetcatalog; path = Assets.xcassets; sourceTree = "<group>"; };
		943E2DFA0A82BD3BE8864207 /* Pods-NoTouchTests.release.xcconfig */ = {isa = PBXFileReference; includeInIndex = 1; lastKnownFileType = text.xcconfig; name = "Pods-NoTouchTests.release.xcconfig"; path = "Target Support Files/Pods-NoTouchTests/Pods-NoTouchTests.release.xcconfig"; sourceTree = "<group>"; };
		9C5574F4C953EB889ECC5B5A /* Pods-NoTouch.release.xcconfig */ = {isa = PBXFileReference; includeInIndex = 1; lastKnownFileType = text.xcconfig; name = "Pods-NoTouch.release.xcconfig"; path = "Target Support Files/Pods-NoTouch/Pods-NoTouch.release.xcconfig"; sourceTree = "<group>"; };
		B3A910B8CFFFE40CDF8B58FC /* libPods-NoTouchTests.a */ = {isa = PBXFileReference; explicitFileType = archive.ar; includeInIndex = 0; path = "libPods-NoTouchTests.a"; sourceTree = BUILT_PRODUCTS_DIR; };
		B3EF523C2EF7103F0FB09193 /* Pods-NoTouchTests.debug.xcconfig */ = {isa = PBXFileReference; includeInIndex = 1; lastKnownFileType = text.xcconfig; name = "Pods-NoTouchTests.debug.xcconfig"; path = "Target Support Files/Pods-NoTouchTests/Pods-NoTouchTests.debug.xcconfig"; sourceTree = "<group>"; };
		C32406BF2414547C00D5AC9E /* beep-offic.m4a */ = {isa = PBXFileReference; lastKnownFileType = file; path = "beep-offic.m4a"; sourceTree = "<group>"; };
		C32406C3241456F100D5AC9E /* TutorialViewController.swift */ = {isa = PBXFileReference; lastKnownFileType = sourcecode.swift; path = TutorialViewController.swift; sourceTree = "<group>"; };
		C32406C5241459F500D5AC9E /* SlideView.swift */ = {isa = PBXFileReference; lastKnownFileType = sourcecode.swift; path = SlideView.swift; sourceTree = "<group>"; };
		C32406C924145C7100D5AC9E /* SF-Pro-Display-Heavy.otf */ = {isa = PBXFileReference; lastKnownFileType = file; path = "SF-Pro-Display-Heavy.otf"; sourceTree = "<group>"; };
		C32B70B524152D52008F1D39 /* FirstRunModel.swift */ = {isa = PBXFileReference; lastKnownFileType = sourcecode.swift; path = FirstRunModel.swift; sourceTree = "<group>"; };
		C34A850F2426575C00161F28 /* TrainingImage.swift */ = {isa = PBXFileReference; lastKnownFileType = sourcecode.swift; path = TrainingImage.swift; sourceTree = "<group>"; };
		C34A851124265C9200161F28 /* Orienter.swift */ = {isa = PBXFileReference; lastKnownFileType = sourcecode.swift; path = Orienter.swift; sourceTree = "<group>"; };
		C34A85192426742A00161F28 /* NoTouchTests.xctest */ = {isa = PBXFileReference; explicitFileType = wrapper.cfbundle; includeInIndex = 0; path = NoTouchTests.xctest; sourceTree = BUILT_PRODUCTS_DIR; };
		C34A851B2426742A00161F28 /* NoTouchTests.swift */ = {isa = PBXFileReference; lastKnownFileType = sourcecode.swift; path = NoTouchTests.swift; sourceTree = "<group>"; };
		C34A851D2426742A00161F28 /* Info.plist */ = {isa = PBXFileReference; lastKnownFileType = text.plist.xml; path = Info.plist; sourceTree = "<group>"; };
		C355B88A2415602F00FE69A9 /* InfoViewController.swift */ = {isa = PBXFileReference; lastKnownFileType = sourcecode.swift; path = InfoViewController.swift; sourceTree = "<group>"; };
		C355B88D2415626F00FE69A9 /* GradientButton.swift */ = {isa = PBXFileReference; lastKnownFileType = sourcecode.swift; path = GradientButton.swift; sourceTree = "<group>"; };
		C355B89024156C5B00FE69A9 /* InfoTutorialProvider.swift */ = {isa = PBXFileReference; lastKnownFileType = sourcecode.swift; path = InfoTutorialProvider.swift; sourceTree = "<group>"; };
		C355B8932415810400FE69A9 /* zh-Hans */ = {isa = PBXFileReference; lastKnownFileType = text.plist.strings; name = "zh-Hans"; path = "zh-Hans.lproj/Main.strings"; sourceTree = "<group>"; };
		C355B8952415810600FE69A9 /* de */ = {isa = PBXFileReference; lastKnownFileType = text.plist.strings; name = de; path = de.lproj/Main.strings; sourceTree = "<group>"; };
		C355B8972415810600FE69A9 /* it */ = {isa = PBXFileReference; lastKnownFileType = text.plist.strings; name = it; path = it.lproj/Main.strings; sourceTree = "<group>"; };
		C355B8992415810700FE69A9 /* ja */ = {isa = PBXFileReference; lastKnownFileType = text.plist.strings; name = ja; path = ja.lproj/Main.strings; sourceTree = "<group>"; };
		C355B89B2415810700FE69A9 /* ko */ = {isa = PBXFileReference; lastKnownFileType = text.plist.strings; name = ko; path = ko.lproj/Main.strings; sourceTree = "<group>"; };
		C355B89D2415836C00FE69A9 /* Base */ = {isa = PBXFileReference; lastKnownFileType = file.xib; name = Base; path = Base.lproj/FirstIntroView.xib; sourceTree = "<group>"; };
		C355B8AA241583CA00FE69A9 /* zh-Hans */ = {isa = PBXFileReference; lastKnownFileType = text.plist.strings; name = "zh-Hans"; path = "zh-Hans.lproj/FirstIntroView.strings"; sourceTree = "<group>"; };
		C355B8AC241583CB00FE69A9 /* de */ = {isa = PBXFileReference; lastKnownFileType = text.plist.strings; name = de; path = de.lproj/FirstIntroView.strings; sourceTree = "<group>"; };
		C355B8AE241583CC00FE69A9 /* it */ = {isa = PBXFileReference; lastKnownFileType = text.plist.strings; name = it; path = it.lproj/FirstIntroView.strings; sourceTree = "<group>"; };
		C355B8B0241583CD00FE69A9 /* ja */ = {isa = PBXFileReference; lastKnownFileType = text.plist.strings; name = ja; path = ja.lproj/FirstIntroView.strings; sourceTree = "<group>"; };
		C355B8B2241583D000FE69A9 /* ko */ = {isa = PBXFileReference; lastKnownFileType = text.plist.strings; name = ko; path = ko.lproj/FirstIntroView.strings; sourceTree = "<group>"; };
		C355B8B4241583D200FE69A9 /* en */ = {isa = PBXFileReference; lastKnownFileType = text.plist.strings; name = en; path = en.lproj/FirstIntroView.strings; sourceTree = "<group>"; };
		C355B8B62415847100FE69A9 /* en */ = {isa = PBXFileReference; lastKnownFileType = text.plist.strings; name = en; path = en.lproj/Main.strings; sourceTree = "<group>"; };
		C355B8B82415849300FE69A9 /* Base */ = {isa = PBXFileReference; lastKnownFileType = file.xib; name = Base; path = Base.lproj/SlideView.xib; sourceTree = "<group>"; };
		C355B8BB2415849800FE69A9 /* en */ = {isa = PBXFileReference; lastKnownFileType = text.plist.strings; name = en; path = en.lproj/SlideView.strings; sourceTree = "<group>"; };
		C355B8BD2415849900FE69A9 /* zh-Hans */ = {isa = PBXFileReference; lastKnownFileType = text.plist.strings; name = "zh-Hans"; path = "zh-Hans.lproj/SlideView.strings"; sourceTree = "<group>"; };
		C355B8BF2415849A00FE69A9 /* de */ = {isa = PBXFileReference; lastKnownFileType = text.plist.strings; name = de; path = de.lproj/SlideView.strings; sourceTree = "<group>"; };
		C355B8C12415849B00FE69A9 /* it */ = {isa = PBXFileReference; lastKnownFileType = text.plist.strings; name = it; path = it.lproj/SlideView.strings; sourceTree = "<group>"; };
		C355B8C32415849B00FE69A9 /* ja */ = {isa = PBXFileReference; lastKnownFileType = text.plist.strings; name = ja; path = ja.lproj/SlideView.strings; sourceTree = "<group>"; };
		C355B8C52415849C00FE69A9 /* ko */ = {isa = PBXFileReference; lastKnownFileType = text.plist.strings; name = ko; path = ko.lproj/SlideView.strings; sourceTree = "<group>"; };
		C355B8C62415859300FE69A9 /* zh-Hant */ = {isa = PBXFileReference; lastKnownFileType = text.plist.strings; name = "zh-Hant"; path = "zh-Hant.lproj/FirstIntroView.strings"; sourceTree = "<group>"; };
		C355B8C72415859300FE69A9 /* zh-Hant */ = {isa = PBXFileReference; lastKnownFileType = text.plist.strings; name = "zh-Hant"; path = "zh-Hant.lproj/SlideView.strings"; sourceTree = "<group>"; };
		C355B8C82415859400FE69A9 /* zh-Hant */ = {isa = PBXFileReference; lastKnownFileType = text.plist.strings; name = "zh-Hant"; path = "zh-Hant.lproj/LaunchScreen.strings"; sourceTree = "<group>"; };
		C355B8C92415859400FE69A9 /* zh-Hant */ = {isa = PBXFileReference; lastKnownFileType = text.plist.strings; name = "zh-Hant"; path = "zh-Hant.lproj/Main.strings"; sourceTree = "<group>"; };
		C355B8CA2415859400FE69A9 /* zh-Hant */ = {isa = PBXFileReference; lastKnownFileType = text.plist.strings; name = "zh-Hant"; path = "zh-Hant.lproj/Localizable.strings"; sourceTree = "<group>"; };
		C35C3F8624153A74008DDB5B /* NoTouch.entitlements */ = {isa = PBXFileReference; lastKnownFileType = text.plist.entitlements; path = NoTouch.entitlements; sourceTree = "<group>"; };
		C35C3F872415486E008DDB5B /* NTError.swift */ = {isa = PBXFileReference; lastKnownFileType = sourcecode.swift; path = NTError.swift; sourceTree = "<group>"; };
		C36795F8241469B400886163 /* ja */ = {isa = PBXFileReference; lastKnownFileType = text.plist.strings; name = ja; path = ja.lproj/LaunchScreen.strings; sourceTree = "<group>"; };
		C36795FD24146A1500886163 /* ja */ = {isa = PBXFileReference; lastKnownFileType = text.plist.strings; name = ja; path = ja.lproj/Localizable.strings; sourceTree = "<group>"; };
		C36795FF24146A1700886163 /* en */ = {isa = PBXFileReference; lastKnownFileType = text.plist.strings; name = en; path = en.lproj/Localizable.strings; sourceTree = "<group>"; };
		C367960024146AC500886163 /* zh-Hans */ = {isa = PBXFileReference; lastKnownFileType = text.plist.strings; name = "zh-Hans"; path = "zh-Hans.lproj/LaunchScreen.strings"; sourceTree = "<group>"; };
		C367960224146AC500886163 /* zh-Hans */ = {isa = PBXFileReference; lastKnownFileType = text.plist.strings; name = "zh-Hans"; path = "zh-Hans.lproj/Localizable.strings"; sourceTree = "<group>"; };
		C367960324146ACC00886163 /* it */ = {isa = PBXFileReference; lastKnownFileType = text.plist.strings; name = it; path = it.lproj/LaunchScreen.strings; sourceTree = "<group>"; };
		C367960524146ACC00886163 /* it */ = {isa = PBXFileReference; lastKnownFileType = text.plist.strings; name = it; path = it.lproj/Localizable.strings; sourceTree = "<group>"; };
		C367960624146AD200886163 /* ko */ = {isa = PBXFileReference; lastKnownFileType = text.plist.strings; name = ko; path = ko.lproj/LaunchScreen.strings; sourceTree = "<group>"; };
		C367960824146AD200886163 /* ko */ = {isa = PBXFileReference; lastKnownFileType = text.plist.strings; name = ko; path = ko.lproj/Localizable.strings; sourceTree = "<group>"; };
		C367960924146AE900886163 /* de */ = {isa = PBXFileReference; lastKnownFileType = text.plist.strings; name = de; path = de.lproj/LaunchScreen.strings; sourceTree = "<group>"; };
		C367960B24146AE900886163 /* de */ = {isa = PBXFileReference; lastKnownFileType = text.plist.strings; name = de; path = de.lproj/Localizable.strings; sourceTree = "<group>"; };
		C367960C24146B1300886163 /* TutorialViewModel.swift */ = {isa = PBXFileReference; lastKnownFileType = sourcecode.swift; path = TutorialViewModel.swift; sourceTree = "<group>"; };
		C367960E241485C300886163 /* TutorialProvider.swift */ = {isa = PBXFileReference; lastKnownFileType = sourcecode.swift; path = TutorialProvider.swift; sourceTree = "<group>"; };
		C3679610241488DC00886163 /* FirstIntroView.swift */ = {isa = PBXFileReference; lastKnownFileType = sourcecode.swift; path = FirstIntroView.swift; sourceTree = "<group>"; };
		C387C167240F1363008C47F5 /* AlertViewModel.swift */ = {isa = PBXFileReference; lastKnownFileType = sourcecode.swift; path = AlertViewModel.swift; sourceTree = "<group>"; };
		C387C16A240F1EC3008C47F5 /* AudioAlert.swift */ = {isa = PBXFileReference; lastKnownFileType = sourcecode.swift; path = AudioAlert.swift; sourceTree = "<group>"; };
		C38D3D4F241BC4F00077C68E /* UIViewController+Alert.swift */ = {isa = PBXFileReference; fileEncoding = 4; lastKnownFileType = sourcecode.swift; path = "UIViewController+Alert.swift"; sourceTree = "<group>"; };
		C38D3D51241BC8170077C68E /* AlertView.swift */ = {isa = PBXFileReference; lastKnownFileType = sourcecode.swift; path = AlertView.swift; sourceTree = "<group>"; };
		C38D3D53241BC9F80077C68E /* CameraAuthModel.swift */ = {isa = PBXFileReference; lastKnownFileType = sourcecode.swift; path = CameraAuthModel.swift; sourceTree = "<group>"; };
		C3908DA724269CFF0055BC97 /* ImageFeatureProvider.swift */ = {isa = PBXFileReference; lastKnownFileType = sourcecode.swift; path = ImageFeatureProvider.swift; sourceTree = "<group>"; };
		C3B10AF1241D566300613EE9 /* ImageStorer.swift */ = {isa = PBXFileReference; lastKnownFileType = sourcecode.swift; path = ImageStorer.swift; sourceTree = "<group>"; };
		C3E09D9B24148B3A00698A29 /* SF-Pro-Display-Medium.otf */ = {isa = PBXFileReference; lastKnownFileType = file; path = "SF-Pro-Display-Medium.otf"; sourceTree = "<group>"; };
		C3F11F82243142CC00078BFB /* no-touch-2-updatable.mlmodel */ = {isa = PBXFileReference; lastKnownFileType = file.mlmodel; path = "no-touch-2-updatable.mlmodel"; sourceTree = "<group>"; };
		C3F746AA2419AB98001EB7D0 /* GoogleService-Info.plist */ = {isa = PBXFileReference; fileEncoding = 4; lastKnownFileType = text.plist.xml; path = "GoogleService-Info.plist"; sourceTree = "<group>"; };
		C3F7AAE82425838F00BBF34C /* ModelUpdater.swift */ = {isa = PBXFileReference; lastKnownFileType = sourcecode.swift; path = ModelUpdater.swift; sourceTree = "<group>"; };
		C3FA8E73241C34EE00CB79B5 /* AlertView.xib */ = {isa = PBXFileReference; lastKnownFileType = file.xib; path = AlertView.xib; sourceTree = "<group>"; };
		C81F01C582D21994DA276E31 /* Pods-NoTouch.debug.xcconfig */ = {isa = PBXFileReference; includeInIndex = 1; lastKnownFileType = text.xcconfig; name = "Pods-NoTouch.debug.xcconfig"; path = "Target Support Files/Pods-NoTouch/Pods-NoTouch.debug.xcconfig"; sourceTree = "<group>"; };
		FA0F95BE20B8883700378A66 /* ProductCatalog.plist */ = {isa = PBXFileReference; lastKnownFileType = text.plist.xml; path = ProductCatalog.plist; sourceTree = "<group>"; };
		FAA391E920B5D2480085DA28 /* UIKit.framework */ = {isa = PBXFileReference; lastKnownFileType = wrapper.framework; name = UIKit.framework; path = System/Library/Frameworks/UIKit.framework; sourceTree = SDKROOT; };
		FAA391EB20B5D2510085DA28 /* Vision.framework */ = {isa = PBXFileReference; lastKnownFileType = wrapper.framework; name = Vision.framework; path = System/Library/Frameworks/Vision.framework; sourceTree = SDKROOT; };
		FAA391ED20B5D2570085DA28 /* CoreML.framework */ = {isa = PBXFileReference; lastKnownFileType = wrapper.framework; name = CoreML.framework; path = System/Library/Frameworks/CoreML.framework; sourceTree = SDKROOT; };
		FAB417F52099308400494E9C /* VisionViewController.swift */ = {isa = PBXFileReference; fileEncoding = 4; lastKnownFileType = sourcecode.swift; path = VisionViewController.swift; sourceTree = "<group>"; };
		FAD5009B1ED668B60074D713 /* NoTouch.app */ = {isa = PBXFileReference; explicitFileType = wrapper.application; includeInIndex = 0; path = NoTouch.app; sourceTree = BUILT_PRODUCTS_DIR; };
		FAD5009E1ED668B60074D713 /* AppDelegate.swift */ = {isa = PBXFileReference; lastKnownFileType = sourcecode.swift; path = AppDelegate.swift; sourceTree = "<group>"; };
		FAD500A01ED668B60074D713 /* ViewController.swift */ = {isa = PBXFileReference; lastKnownFileType = sourcecode.swift; path = ViewController.swift; sourceTree = "<group>"; };
		FAD500A31ED668B60074D713 /* Base */ = {isa = PBXFileReference; lastKnownFileType = file.storyboard; name = Base; path = Base.lproj/Main.storyboard; sourceTree = "<group>"; };
		FAD500A81ED668B60074D713 /* Base */ = {isa = PBXFileReference; lastKnownFileType = file.storyboard; name = Base; path = Base.lproj/LaunchScreen.storyboard; sourceTree = "<group>"; };
		FAD500AA1ED668B60074D713 /* Info.plist */ = {isa = PBXFileReference; lastKnownFileType = text.plist.xml; path = Info.plist; sourceTree = "<group>"; };
/* End PBXFileReference section */

/* Begin PBXFrameworksBuildPhase section */
		C34A85162426742A00161F28 /* Frameworks */ = {
			isa = PBXFrameworksBuildPhase;
			buildActionMask = 2147483647;
			files = (
				8FF37ED6376A450A145AE97C /* libPods-NoTouchTests.a in Frameworks */,
			);
			runOnlyForDeploymentPostprocessing = 0;
		};
		FAD500981ED668B60074D713 /* Frameworks */ = {
			isa = PBXFrameworksBuildPhase;
			buildActionMask = 2147483647;
			files = (
				FAA391EE20B5D2570085DA28 /* CoreML.framework in Frameworks */,
				FAA391EC20B5D2510085DA28 /* Vision.framework in Frameworks */,
				FAA391EA20B5D2480085DA28 /* UIKit.framework in Frameworks */,
				85E09B72D71DAD9C210FA42C /* Pods_NoTouch.framework in Frameworks */,
			);
			runOnlyForDeploymentPostprocessing = 0;
		};
/* End PBXFrameworksBuildPhase section */

/* Begin PBXGroup section */
		C32406C12414562E00D5AC9E /* Resources */ = {
			isa = PBXGroup;
			children = (
				C3F11F82243142CC00078BFB /* no-touch-2-updatable.mlmodel */,
				C36795FE24146A1500886163 /* Localizable.strings */,
				C3E09D9B24148B3A00698A29 /* SF-Pro-Display-Medium.otf */,
				C32406C924145C7100D5AC9E /* SF-Pro-Display-Heavy.otf */,
				C32406BF2414547C00D5AC9E /* beep-offic.m4a */,
			);
			path = Resources;
			sourceTree = "<group>";
		};
		C32406C2241456AF00D5AC9E /* Introduction */ = {
			isa = PBXGroup;
			children = (
				C32B70BA24153211008F1D39 /* Models */,
				C32B70B9241531FC008F1D39 /* Views */,
				C32B70B8241531F1008F1D39 /* Controller */,
			);
			path = Introduction;
			sourceTree = "<group>";
		};
		C32B70B7241531D8008F1D39 /* Controllers */ = {
			isa = PBXGroup;
			children = (
				FAD500A01ED668B60074D713 /* ViewController.swift */,
				FAB417F52099308400494E9C /* VisionViewController.swift */,
			);
			path = Controllers;
			sourceTree = "<group>";
		};
		C32B70B8241531F1008F1D39 /* Controller */ = {
			isa = PBXGroup;
			children = (
				C32406C3241456F100D5AC9E /* TutorialViewController.swift */,
			);
			path = Controller;
			sourceTree = "<group>";
		};
		C32B70B9241531FC008F1D39 /* Views */ = {
			isa = PBXGroup;
			children = (
				C3679610241488DC00886163 /* FirstIntroView.swift */,
				C355B89E2415836C00FE69A9 /* FirstIntroView.xib */,
				C32406C5241459F500D5AC9E /* SlideView.swift */,
				C355B8B92415849300FE69A9 /* SlideView.xib */,
			);
			path = Views;
			sourceTree = "<group>";
		};
		C32B70BA24153211008F1D39 /* Models */ = {
			isa = PBXGroup;
			children = (
				C367960C24146B1300886163 /* TutorialViewModel.swift */,
				C367960E241485C300886163 /* TutorialProvider.swift */,
			);
			path = Models;
			sourceTree = "<group>";
		};
		C34A851A2426742A00161F28 /* NoTouchTests */ = {
			isa = PBXGroup;
			children = (
				C34A851B2426742A00161F28 /* NoTouchTests.swift */,
				C34A851D2426742A00161F28 /* Info.plist */,
			);
			path = NoTouchTests;
			sourceTree = "<group>";
		};
		C355B8882415601500FE69A9 /* InfoSection */ = {
			isa = PBXGroup;
			children = (
				C355B88F24156C2F00FE69A9 /* Models */,
				C355B8892415601E00FE69A9 /* Controllers */,
			);
			path = InfoSection;
			sourceTree = "<group>";
		};
		C355B8892415601E00FE69A9 /* Controllers */ = {
			isa = PBXGroup;
			children = (
				C355B88A2415602F00FE69A9 /* InfoViewController.swift */,
			);
			path = Controllers;
			sourceTree = "<group>";
		};
		C355B88C2415625600FE69A9 /* SharedViews */ = {
			isa = PBXGroup;
			children = (
				C38D3D4F241BC4F00077C68E /* UIViewController+Alert.swift */,
				C355B88D2415626F00FE69A9 /* GradientButton.swift */,
				C38D3D51241BC8170077C68E /* AlertView.swift */,
				C3FA8E73241C34EE00CB79B5 /* AlertView.xib */,
			);
			path = SharedViews;
			sourceTree = "<group>";
		};
		C355B88F24156C2F00FE69A9 /* Models */ = {
			isa = PBXGroup;
			children = (
				C355B89024156C5B00FE69A9 /* InfoTutorialProvider.swift */,
			);
			path = Models;
			sourceTree = "<group>";
		};
		C387C169240F1D85008C47F5 /* Models */ = {
			isa = PBXGroup;
			children = (
				C387C167240F1363008C47F5 /* AlertViewModel.swift */,
				C387C16A240F1EC3008C47F5 /* AudioAlert.swift */,
				C32B70B524152D52008F1D39 /* FirstRunModel.swift */,
				C38D3D53241BC9F80077C68E /* CameraAuthModel.swift */,
				C3B10AF1241D566300613EE9 /* ImageStorer.swift */,
				C34A851124265C9200161F28 /* Orienter.swift */,
			);
			path = Models;
			sourceTree = "<group>";
		};
		C3F7AAE72425838100BBF34C /* ModelUpdater */ = {
			isa = PBXGroup;
			children = (
				C3908DA724269CFF0055BC97 /* ImageFeatureProvider.swift */,
				C3F7AAE82425838F00BBF34C /* ModelUpdater.swift */,
				C34A850F2426575C00161F28 /* TrainingImage.swift */,
			);
			path = ModelUpdater;
			sourceTree = "<group>";
		};
		CB9E4CF82363F35171D83C86 /* Pods */ = {
			isa = PBXGroup;
			children = (
				C81F01C582D21994DA276E31 /* Pods-NoTouch.debug.xcconfig */,
				9C5574F4C953EB889ECC5B5A /* Pods-NoTouch.release.xcconfig */,
				B3EF523C2EF7103F0FB09193 /* Pods-NoTouchTests.debug.xcconfig */,
				943E2DFA0A82BD3BE8864207 /* Pods-NoTouchTests.release.xcconfig */,
				56282AC0367BCE090BDECBAD /* Pods-NoTouch.debug.xcconfig */,
				271D95A14E17B43E0AB2B735 /* Pods-NoTouch.release.xcconfig */,
				477ED183B446C6023E46C2FA /* Pods-NoTouchTests.debug.xcconfig */,
				56EA538BED602C23E4FEB5CE /* Pods-NoTouchTests.release.xcconfig */,
			);
			path = Pods;
			sourceTree = "<group>";
		};
		FA0F95C220B8BE9E00378A66 /* Product Resources */ = {
			isa = PBXGroup;
			children = (
				FA0F95BE20B8883700378A66 /* ProductCatalog.plist */,
			);
			path = "Product Resources";
			sourceTree = "<group>";
		};
		FAA391E820B5D2480085DA28 /* Frameworks */ = {
			isa = PBXGroup;
			children = (
				FAA391ED20B5D2570085DA28 /* CoreML.framework */,
				FAA391EB20B5D2510085DA28 /* Vision.framework */,
				FAA391E920B5D2480085DA28 /* UIKit.framework */,
				438ACC009489100DC0103A88 /* Pods_NoTouch.framework */,
				B3A910B8CFFFE40CDF8B58FC /* libPods-NoTouchTests.a */,
			);
			name = Frameworks;
			sourceTree = "<group>";
		};
		FAD500921ED668B60074D713 = {
			isa = PBXGroup;
			children = (
				FAD5009D1ED668B60074D713 /* NoTouch */,
				C34A851A2426742A00161F28 /* NoTouchTests */,
				FAD5009C1ED668B60074D713 /* Products */,
				FAA391E820B5D2480085DA28 /* Frameworks */,
				CB9E4CF82363F35171D83C86 /* Pods */,
			);
			sourceTree = "<group>";
		};
		FAD5009C1ED668B60074D713 /* Products */ = {
			isa = PBXGroup;
			children = (
				FAD5009B1ED668B60074D713 /* NoTouch.app */,
				C34A85192426742A00161F28 /* NoTouchTests.xctest */,
			);
			name = Products;
			sourceTree = "<group>";
		};
		FAD5009D1ED668B60074D713 /* NoTouch */ = {
			isa = PBXGroup;
			children = (
				C3F746AA2419AB98001EB7D0 /* GoogleService-Info.plist */,
				FAD500AA1ED668B60074D713 /* Info.plist */,
				C35C3F8624153A74008DDB5B /* NoTouch.entitlements */,
				C3F7AAE72425838100BBF34C /* ModelUpdater */,
				C355B88C2415625600FE69A9 /* SharedViews */,
				C355B8882415601500FE69A9 /* InfoSection */,
				C32B70B7241531D8008F1D39 /* Controllers */,
				C32406C2241456AF00D5AC9E /* Introduction */,
				C32406C12414562E00D5AC9E /* Resources */,
				C387C169240F1D85008C47F5 /* Models */,
				FAD5009E1ED668B60074D713 /* AppDelegate.swift */,
				FAD500A71ED668B60074D713 /* LaunchScreen.storyboard */,
				FAD500A21ED668B60074D713 /* Main.storyboard */,
				C35C3F872415486E008DDB5B /* NTError.swift */,
				FA0F95C220B8BE9E00378A66 /* Product Resources */,
				76D66BC4213A1AF300AEF9D9 /* Assets.xcassets */,
			);
			path = NoTouch;
			sourceTree = "<group>";
		};
/* End PBXGroup section */

/* Begin PBXNativeTarget section */
		C34A85182426742A00161F28 /* NoTouchTests */ = {
			isa = PBXNativeTarget;
			buildConfigurationList = C34A85202426742B00161F28 /* Build configuration list for PBXNativeTarget "NoTouchTests" */;
			buildPhases = (
				48DCCEA216A129947C92746A /* [CP] Check Pods Manifest.lock */,
				C34A85152426742A00161F28 /* Sources */,
				C34A85162426742A00161F28 /* Frameworks */,
				C34A85172426742A00161F28 /* Resources */,
			);
			buildRules = (
			);
			dependencies = (
				C34A851F2426742A00161F28 /* PBXTargetDependency */,
			);
			name = NoTouchTests;
			productName = NoTouchTests;
			productReference = C34A85192426742A00161F28 /* NoTouchTests.xctest */;
			productType = "com.apple.product-type.bundle.unit-test";
		};
		FAD5009A1ED668B60074D713 /* NoTouch */ = {
			isa = PBXNativeTarget;
			buildConfigurationList = FAD500AD1ED668B60074D713 /* Build configuration list for PBXNativeTarget "NoTouch" */;
			buildPhases = (
				DBA8DAF04E56EB5120C0600E /* [CP] Check Pods Manifest.lock */,
				FAD500971ED668B60074D713 /* Sources */,
				FAD500981ED668B60074D713 /* Frameworks */,
				FAD500991ED668B60074D713 /* Resources */,
				55DB3F46D1C283E90139ADDF /* [CP] Embed Pods Frameworks */,
				C3CBEBFA2419F3170021D519 /* ShellScript */,
			);
			buildRules = (
			);
			dependencies = (
			);
			name = NoTouch;
			productName = RobotShop;
			productReference = FAD5009B1ED668B60074D713 /* NoTouch.app */;
			productType = "com.apple.product-type.application";
		};
/* End PBXNativeTarget section */

/* Begin PBXProject section */
		FAD500931ED668B60074D713 /* Project object */ = {
			isa = PBXProject;
			attributes = {
				LastSwiftUpdateCheck = 1140;
				LastUpgradeCheck = 1000;
				ORGANIZATIONNAME = "Canopy Interactive";
				TargetAttributes = {
					C34A85182426742A00161F28 = {
						CreatedOnToolsVersion = 11.4;
						ProvisioningStyle = Automatic;
						TestTargetID = FAD5009A1ED668B60074D713;
					};
					FAD5009A1ED668B60074D713 = {
						CreatedOnToolsVersion = 9.0;
						LastSwiftMigration = 1130;
						ProvisioningStyle = Automatic;
					};
				};
			};
			buildConfigurationList = FAD500961ED668B60074D713 /* Build configuration list for PBXProject "NoTouch" */;
			compatibilityVersion = "Xcode 8.0";
			developmentRegion = en;
			hasScannedForEncodings = 0;
			knownRegions = (
				en,
				Base,
				ja,
				"zh-Hans",
				it,
				ko,
				de,
				"zh-Hant",
			);
			mainGroup = FAD500921ED668B60074D713;
			productRefGroup = FAD5009C1ED668B60074D713 /* Products */;
			projectDirPath = "";
			projectRoot = "";
			targets = (
				FAD5009A1ED668B60074D713 /* NoTouch */,
				C34A85182426742A00161F28 /* NoTouchTests */,
			);
		};
/* End PBXProject section */

/* Begin PBXResourcesBuildPhase section */
		C34A85172426742A00161F28 /* Resources */ = {
			isa = PBXResourcesBuildPhase;
			buildActionMask = 2147483647;
			files = (
			);
			runOnlyForDeploymentPostprocessing = 0;
		};
		FAD500991ED668B60074D713 /* Resources */ = {
			isa = PBXResourcesBuildPhase;
			buildActionMask = 2147483647;
			files = (
				C32406C02414547D00D5AC9E /* beep-offic.m4a in Resources */,
				FAD500A91ED668B60074D713 /* LaunchScreen.storyboard in Resources */,
				C32406CA24145C7100D5AC9E /* SF-Pro-Display-Heavy.otf in Resources */,
				76D66BC5213A1AF300AEF9D9 /* Assets.xcassets in Resources */,
				C3E09D9C24148B3A00698A29 /* SF-Pro-Display-Medium.otf in Resources */,
				C355B89C2415836C00FE69A9 /* FirstIntroView.xib in Resources */,
				C355B8B72415849300FE69A9 /* SlideView.xib in Resources */,
				C36795FC24146A1500886163 /* Localizable.strings in Resources */,
				C3F746AB2419AB99001EB7D0 /* GoogleService-Info.plist in Resources */,
				C3FA8E74241C34EE00CB79B5 /* AlertView.xib in Resources */,
				FA0F95BF20B8883700378A66 /* ProductCatalog.plist in Resources */,
				FAD500A41ED668B60074D713 /* Main.storyboard in Resources */,
			);
			runOnlyForDeploymentPostprocessing = 0;
		};
/* End PBXResourcesBuildPhase section */

/* Begin PBXShellScriptBuildPhase section */
		48DCCEA216A129947C92746A /* [CP] Check Pods Manifest.lock */ = {
			isa = PBXShellScriptBuildPhase;
			buildActionMask = 2147483647;
			files = (
			);
			inputFileListPaths = (
			);
			inputPaths = (
				"${PODS_PODFILE_DIR_PATH}/Podfile.lock",
				"${PODS_ROOT}/Manifest.lock",
			);
			name = "[CP] Check Pods Manifest.lock";
			outputFileListPaths = (
			);
			outputPaths = (
				"$(DERIVED_FILE_DIR)/Pods-NoTouchTests-checkManifestLockResult.txt",
			);
			runOnlyForDeploymentPostprocessing = 0;
			shellPath = /bin/sh;
			shellScript = "diff \"${PODS_PODFILE_DIR_PATH}/Podfile.lock\" \"${PODS_ROOT}/Manifest.lock\" > /dev/null\nif [ $? != 0 ] ; then\n    # print error to STDERR\n    echo \"error: The sandbox is not in sync with the Podfile.lock. Run 'pod install' or update your CocoaPods installation.\" >&2\n    exit 1\nfi\n# This output is used by Xcode 'outputs' to avoid re-running this script phase.\necho \"SUCCESS\" > \"${SCRIPT_OUTPUT_FILE_0}\"\n";
			showEnvVarsInLog = 0;
		};
		55DB3F46D1C283E90139ADDF /* [CP] Embed Pods Frameworks */ = {
			isa = PBXShellScriptBuildPhase;
			buildActionMask = 2147483647;
			files = (
			);
			inputPaths = (
				"${PODS_ROOT}/Target Support Files/Pods-NoTouch/Pods-NoTouch-frameworks.sh",
				"${BUILT_PRODUCTS_DIR}/GoogleUtilities-framework/GoogleUtilities.framework",
				"${BUILT_PRODUCTS_DIR}/PromisesObjC-framework/FBLPromises.framework",
				"${BUILT_PRODUCTS_DIR}/nanopb-framework/nanopb.framework",
			);
			name = "[CP] Embed Pods Frameworks";
			outputPaths = (
				"${TARGET_BUILD_DIR}/${FRAMEWORKS_FOLDER_PATH}/GoogleUtilities.framework",
				"${TARGET_BUILD_DIR}/${FRAMEWORKS_FOLDER_PATH}/FBLPromises.framework",
				"${TARGET_BUILD_DIR}/${FRAMEWORKS_FOLDER_PATH}/nanopb.framework",
			);
			runOnlyForDeploymentPostprocessing = 0;
			shellPath = /bin/sh;
			shellScript = "\"${PODS_ROOT}/Target Support Files/Pods-NoTouch/Pods-NoTouch-frameworks.sh\"\n";
			showEnvVarsInLog = 0;
		};
		C3CBEBFA2419F3170021D519 /* ShellScript */ = {
			isa = PBXShellScriptBuildPhase;
			buildActionMask = 2147483647;
			files = (
			);
			inputFileListPaths = (
			);
			inputPaths = (
			);
			outputFileListPaths = (
			);
			outputPaths = (
			);
			runOnlyForDeploymentPostprocessing = 0;
			shellPath = /bin/sh;
			shellScript = "# Type a script or drag a script file from your workspace to insert its path.\n\"${PODS_ROOT}/FirebaseCrashlytics/run\"\n";
		};
		DBA8DAF04E56EB5120C0600E /* [CP] Check Pods Manifest.lock */ = {
			isa = PBXShellScriptBuildPhase;
			buildActionMask = 2147483647;
			files = (
			);
			inputFileListPaths = (
			);
			inputPaths = (
				"${PODS_PODFILE_DIR_PATH}/Podfile.lock",
				"${PODS_ROOT}/Manifest.lock",
			);
			name = "[CP] Check Pods Manifest.lock";
			outputFileListPaths = (
			);
			outputPaths = (
				"$(DERIVED_FILE_DIR)/Pods-NoTouch-checkManifestLockResult.txt",
			);
			runOnlyForDeploymentPostprocessing = 0;
			shellPath = /bin/sh;
			shellScript = "diff \"${PODS_PODFILE_DIR_PATH}/Podfile.lock\" \"${PODS_ROOT}/Manifest.lock\" > /dev/null\nif [ $? != 0 ] ; then\n    # print error to STDERR\n    echo \"error: The sandbox is not in sync with the Podfile.lock. Run 'pod install' or update your CocoaPods installation.\" >&2\n    exit 1\nfi\n# This output is used by Xcode 'outputs' to avoid re-running this script phase.\necho \"SUCCESS\" > \"${SCRIPT_OUTPUT_FILE_0}\"\n";
			showEnvVarsInLog = 0;
		};
/* End PBXShellScriptBuildPhase section */

/* Begin PBXSourcesBuildPhase section */
		C34A85152426742A00161F28 /* Sources */ = {
			isa = PBXSourcesBuildPhase;
			buildActionMask = 2147483647;
			files = (
				C34A851C2426742A00161F28 /* NoTouchTests.swift in Sources */,
			);
			runOnlyForDeploymentPostprocessing = 0;
		};
		FAD500971ED668B60074D713 /* Sources */ = {
			isa = PBXSourcesBuildPhase;
			buildActionMask = 2147483647;
			files = (
				C367960F241485C300886163 /* TutorialProvider.swift in Sources */,
				C35C3F882415486E008DDB5B /* NTError.swift in Sources */,
				C3908DA824269CFF0055BC97 /* ImageFeatureProvider.swift in Sources */,
				C3B10AF2241D566300613EE9 /* ImageStorer.swift in Sources */,
				C3679611241488DC00886163 /* FirstIntroView.swift in Sources */,
				C34A85102426575C00161F28 /* TrainingImage.swift in Sources */,
				C355B88E2415626F00FE69A9 /* GradientButton.swift in Sources */,
				FAB417F62099308400494E9C /* VisionViewController.swift in Sources */,
				C32B70B624152D52008F1D39 /* FirstRunModel.swift in Sources */,
				C32406C6241459F500D5AC9E /* SlideView.swift in Sources */,
				FAD500A11ED668B60074D713 /* ViewController.swift in Sources */,
				C367960D24146B1300886163 /* TutorialViewModel.swift in Sources */,
				C32406C4241456F100D5AC9E /* TutorialViewController.swift in Sources */,
				C34A851224265C9200161F28 /* Orienter.swift in Sources */,
				C38D3D54241BC9F80077C68E /* CameraAuthModel.swift in Sources */,
				C3F11F83243142CC00078BFB /* no-touch-2-updatable.mlmodel in Sources */,
				C387C168240F1363008C47F5 /* AlertViewModel.swift in Sources */,
				FAD5009F1ED668B60074D713 /* AppDelegate.swift in Sources */,
				C38D3D50241BC4F00077C68E /* UIViewController+Alert.swift in Sources */,
				C387C16B240F1EC3008C47F5 /* AudioAlert.swift in Sources */,
				C38D3D52241BC8170077C68E /* AlertView.swift in Sources */,
				C3F7AAE92425838F00BBF34C /* ModelUpdater.swift in Sources */,
				C355B89124156C5B00FE69A9 /* InfoTutorialProvider.swift in Sources */,
				C355B88B2415602F00FE69A9 /* InfoViewController.swift in Sources */,
			);
			runOnlyForDeploymentPostprocessing = 0;
		};
/* End PBXSourcesBuildPhase section */

/* Begin PBXTargetDependency section */
		C34A851F2426742A00161F28 /* PBXTargetDependency */ = {
			isa = PBXTargetDependency;
			target = FAD5009A1ED668B60074D713 /* NoTouch */;
			targetProxy = C34A851E2426742A00161F28 /* PBXContainerItemProxy */;
		};
/* End PBXTargetDependency section */

/* Begin PBXVariantGroup section */
		C355B89E2415836C00FE69A9 /* FirstIntroView.xib */ = {
			isa = PBXVariantGroup;
			children = (
				C355B89D2415836C00FE69A9 /* Base */,
				C355B8AA241583CA00FE69A9 /* zh-Hans */,
				C355B8AC241583CB00FE69A9 /* de */,
				C355B8AE241583CC00FE69A9 /* it */,
				C355B8B0241583CD00FE69A9 /* ja */,
				C355B8B2241583D000FE69A9 /* ko */,
				C355B8B4241583D200FE69A9 /* en */,
				C355B8C62415859300FE69A9 /* zh-Hant */,
			);
			name = FirstIntroView.xib;
			sourceTree = "<group>";
		};
		C355B8B92415849300FE69A9 /* SlideView.xib */ = {
			isa = PBXVariantGroup;
			children = (
				C355B8B82415849300FE69A9 /* Base */,
				C355B8BB2415849800FE69A9 /* en */,
				C355B8BD2415849900FE69A9 /* zh-Hans */,
				C355B8BF2415849A00FE69A9 /* de */,
				C355B8C12415849B00FE69A9 /* it */,
				C355B8C32415849B00FE69A9 /* ja */,
				C355B8C52415849C00FE69A9 /* ko */,
				C355B8C72415859300FE69A9 /* zh-Hant */,
			);
			name = SlideView.xib;
			sourceTree = "<group>";
		};
		C36795FE24146A1500886163 /* Localizable.strings */ = {
			isa = PBXVariantGroup;
			children = (
				C36795FD24146A1500886163 /* ja */,
				C36795FF24146A1700886163 /* en */,
				C367960224146AC500886163 /* zh-Hans */,
				C367960524146ACC00886163 /* it */,
				C367960824146AD200886163 /* ko */,
				C367960B24146AE900886163 /* de */,
				C355B8CA2415859400FE69A9 /* zh-Hant */,
			);
			name = Localizable.strings;
			sourceTree = "<group>";
		};
		FAD500A21ED668B60074D713 /* Main.storyboard */ = {
			isa = PBXVariantGroup;
			children = (
				FAD500A31ED668B60074D713 /* Base */,
				C355B8932415810400FE69A9 /* zh-Hans */,
				C355B8952415810600FE69A9 /* de */,
				C355B8972415810600FE69A9 /* it */,
				C355B8992415810700FE69A9 /* ja */,
				C355B89B2415810700FE69A9 /* ko */,
				C355B8B62415847100FE69A9 /* en */,
				C355B8C92415859400FE69A9 /* zh-Hant */,
			);
			name = Main.storyboard;
			sourceTree = "<group>";
		};
		FAD500A71ED668B60074D713 /* LaunchScreen.storyboard */ = {
			isa = PBXVariantGroup;
			children = (
				FAD500A81ED668B60074D713 /* Base */,
				C36795F8241469B400886163 /* ja */,
				C367960024146AC500886163 /* zh-Hans */,
				C367960324146ACC00886163 /* it */,
				C367960624146AD200886163 /* ko */,
				C367960924146AE900886163 /* de */,
				C355B8C82415859400FE69A9 /* zh-Hant */,
			);
			name = LaunchScreen.storyboard;
			sourceTree = "<group>";
		};
/* End PBXVariantGroup section */

/* Begin XCBuildConfiguration section */
		C34A85212426742B00161F28 /* Debug */ = {
			isa = XCBuildConfiguration;
			baseConfigurationReference = B3EF523C2EF7103F0FB09193 /* Pods-NoTouchTests.debug.xcconfig */;
			buildSettings = {
				BUNDLE_LOADER = "$(TEST_HOST)";
				CLANG_ENABLE_OBJC_WEAK = YES;
				CODE_SIGN_STYLE = Automatic;
				DEVELOPMENT_TEAM = 79TR88QV2P;
				HEADER_SEARCH_PATHS = "$(inherited)";
				INFOPLIST_FILE = NoTouchTests/Info.plist;
				IPHONEOS_DEPLOYMENT_TARGET = 13.0;
				LD_RUNPATH_SEARCH_PATHS = "$(inherited) @executable_path/Frameworks @loader_path/Frameworks";
				MTL_ENABLE_DEBUG_INFO = INCLUDE_SOURCE;
				MTL_FAST_MATH = YES;
				PRODUCT_BUNDLE_IDENTIFIER = com.canopy.NoTouchTests;
				PRODUCT_NAME = "$(TARGET_NAME)";
				SWIFT_VERSION = 5.0;
				TARGETED_DEVICE_FAMILY = "1,2";
				TEST_HOST = "$(BUILT_PRODUCTS_DIR)/NoTouch.app/NoTouch";
			};
			name = Debug;
		};
		C34A85222426742B00161F28 /* Release */ = {
			isa = XCBuildConfiguration;
			baseConfigurationReference = 943E2DFA0A82BD3BE8864207 /* Pods-NoTouchTests.release.xcconfig */;
			buildSettings = {
				BUNDLE_LOADER = "$(TEST_HOST)";
				CLANG_ENABLE_OBJC_WEAK = YES;
				CODE_SIGN_STYLE = Automatic;
				DEVELOPMENT_TEAM = 79TR88QV2P;
				HEADER_SEARCH_PATHS = "$(inherited)";
				INFOPLIST_FILE = NoTouchTests/Info.plist;
				IPHONEOS_DEPLOYMENT_TARGET = 13.0;
				LD_RUNPATH_SEARCH_PATHS = "$(inherited) @executable_path/Frameworks @loader_path/Frameworks";
				MTL_FAST_MATH = YES;
				PRODUCT_BUNDLE_IDENTIFIER = com.canopy.NoTouchTests;
				PRODUCT_NAME = "$(TARGET_NAME)";
				SWIFT_VERSION = 5.0;
				TARGETED_DEVICE_FAMILY = "1,2";
				TEST_HOST = "$(BUILT_PRODUCTS_DIR)/NoTouch.app/NoTouch";
			};
			name = Release;
		};
		FAD500AB1ED668B60074D713 /* Debug */ = {
			isa = XCBuildConfiguration;
			buildSettings = {
				ALWAYS_SEARCH_USER_PATHS = NO;
				CLANG_ANALYZER_LOCALIZABILITY_NONLOCALIZED = YES;
				CLANG_ANALYZER_NONNULL = YES;
				CLANG_ANALYZER_NUMBER_OBJECT_CONVERSION = YES_AGGRESSIVE;
				CLANG_CXX_LANGUAGE_STANDARD = "gnu++14";
				CLANG_CXX_LIBRARY = "libc++";
				CLANG_ENABLE_MODULES = YES;
				CLANG_ENABLE_OBJC_ARC = YES;
				CLANG_WARN_BLOCK_CAPTURE_AUTORELEASING = YES;
				CLANG_WARN_BOOL_CONVERSION = YES;
				CLANG_WARN_COMMA = YES;
				CLANG_WARN_CONSTANT_CONVERSION = YES;
				CLANG_WARN_DEPRECATED_OBJC_IMPLEMENTATIONS = YES;
				CLANG_WARN_DIRECT_OBJC_ISA_USAGE = YES_ERROR;
				CLANG_WARN_DOCUMENTATION_COMMENTS = YES;
				CLANG_WARN_EMPTY_BODY = YES;
				CLANG_WARN_ENUM_CONVERSION = YES;
				CLANG_WARN_INFINITE_RECURSION = YES;
				CLANG_WARN_INT_CONVERSION = YES;
				CLANG_WARN_NON_LITERAL_NULL_CONVERSION = YES;
				CLANG_WARN_OBJC_IMPLICIT_RETAIN_SELF = YES;
				CLANG_WARN_OBJC_LITERAL_CONVERSION = YES;
				CLANG_WARN_OBJC_ROOT_CLASS = YES_ERROR;
				CLANG_WARN_RANGE_LOOP_ANALYSIS = YES;
				CLANG_WARN_STRICT_PROTOTYPES = YES;
				CLANG_WARN_SUSPICIOUS_MOVE = YES;
				CLANG_WARN_UNGUARDED_AVAILABILITY = YES_AGGRESSIVE;
				CLANG_WARN_UNREACHABLE_CODE = YES;
				CLANG_WARN__DUPLICATE_METHOD_MATCH = YES;
				CODE_SIGN_IDENTITY = "iPhone Developer";
				COPY_PHASE_STRIP = NO;
				COREML_CODEGEN_LANGUAGE = None;
				DEBUG_INFORMATION_FORMAT = dwarf;
				ENABLE_STRICT_OBJC_MSGSEND = YES;
				ENABLE_TESTABILITY = YES;
				GCC_C_LANGUAGE_STANDARD = gnu11;
				GCC_DYNAMIC_NO_PIC = NO;
				GCC_NO_COMMON_BLOCKS = YES;
				GCC_OPTIMIZATION_LEVEL = 0;
				GCC_PREPROCESSOR_DEFINITIONS = (
					"DEBUG=1",
					"$(inherited)",
				);
				GCC_WARN_64_TO_32_BIT_CONVERSION = YES;
				GCC_WARN_ABOUT_RETURN_TYPE = YES_ERROR;
				GCC_WARN_UNDECLARED_SELECTOR = YES;
				GCC_WARN_UNINITIALIZED_AUTOS = YES_AGGRESSIVE;
				GCC_WARN_UNUSED_FUNCTION = YES;
				GCC_WARN_UNUSED_VARIABLE = YES;
				IPHONEOS_DEPLOYMENT_TARGET = 12.0;
				MTL_ENABLE_DEBUG_INFO = YES;
				ONLY_ACTIVE_ARCH = YES;
				SDKROOT = iphoneos;
				SWIFT_ACTIVE_COMPILATION_CONDITIONS = DEBUG;
				SWIFT_OPTIMIZATION_LEVEL = "-Onone";
				SWIFT_VERSION = 4.2;
			};
			name = Debug;
		};
		FAD500AC1ED668B60074D713 /* Release */ = {
			isa = XCBuildConfiguration;
			buildSettings = {
				ALWAYS_SEARCH_USER_PATHS = NO;
				CLANG_ANALYZER_LOCALIZABILITY_NONLOCALIZED = YES;
				CLANG_ANALYZER_NONNULL = YES;
				CLANG_ANALYZER_NUMBER_OBJECT_CONVERSION = YES_AGGRESSIVE;
				CLANG_CXX_LANGUAGE_STANDARD = "gnu++14";
				CLANG_CXX_LIBRARY = "libc++";
				CLANG_ENABLE_MODULES = YES;
				CLANG_ENABLE_OBJC_ARC = YES;
				CLANG_WARN_BLOCK_CAPTURE_AUTORELEASING = YES;
				CLANG_WARN_BOOL_CONVERSION = YES;
				CLANG_WARN_COMMA = YES;
				CLANG_WARN_CONSTANT_CONVERSION = YES;
				CLANG_WARN_DEPRECATED_OBJC_IMPLEMENTATIONS = YES;
				CLANG_WARN_DIRECT_OBJC_ISA_USAGE = YES_ERROR;
				CLANG_WARN_DOCUMENTATION_COMMENTS = YES;
				CLANG_WARN_EMPTY_BODY = YES;
				CLANG_WARN_ENUM_CONVERSION = YES;
				CLANG_WARN_INFINITE_RECURSION = YES;
				CLANG_WARN_INT_CONVERSION = YES;
				CLANG_WARN_NON_LITERAL_NULL_CONVERSION = YES;
				CLANG_WARN_OBJC_IMPLICIT_RETAIN_SELF = YES;
				CLANG_WARN_OBJC_LITERAL_CONVERSION = YES;
				CLANG_WARN_OBJC_ROOT_CLASS = YES_ERROR;
				CLANG_WARN_RANGE_LOOP_ANALYSIS = YES;
				CLANG_WARN_STRICT_PROTOTYPES = YES;
				CLANG_WARN_SUSPICIOUS_MOVE = YES;
				CLANG_WARN_UNGUARDED_AVAILABILITY = YES_AGGRESSIVE;
				CLANG_WARN_UNREACHABLE_CODE = YES;
				CLANG_WARN__DUPLICATE_METHOD_MATCH = YES;
				CODE_SIGN_IDENTITY = "iPhone Developer";
				COPY_PHASE_STRIP = NO;
				COREML_CODEGEN_LANGUAGE = None;
				DEBUG_INFORMATION_FORMAT = "dwarf-with-dsym";
				ENABLE_NS_ASSERTIONS = NO;
				ENABLE_STRICT_OBJC_MSGSEND = YES;
				GCC_C_LANGUAGE_STANDARD = gnu11;
				GCC_NO_COMMON_BLOCKS = YES;
				GCC_WARN_64_TO_32_BIT_CONVERSION = YES;
				GCC_WARN_ABOUT_RETURN_TYPE = YES_ERROR;
				GCC_WARN_UNDECLARED_SELECTOR = YES;
				GCC_WARN_UNINITIALIZED_AUTOS = YES_AGGRESSIVE;
				GCC_WARN_UNUSED_FUNCTION = YES;
				GCC_WARN_UNUSED_VARIABLE = YES;
				IPHONEOS_DEPLOYMENT_TARGET = 12.0;
				MTL_ENABLE_DEBUG_INFO = NO;
				SDKROOT = iphoneos;
				SWIFT_OPTIMIZATION_LEVEL = "-Owholemodule";
				SWIFT_VERSION = 4.2;
				VALIDATE_PRODUCT = YES;
			};
			name = Release;
		};
		FAD500AE1ED668B60074D713 /* Debug */ = {
			isa = XCBuildConfiguration;
			baseConfigurationReference = C81F01C582D21994DA276E31 /* Pods-NoTouch.debug.xcconfig */;
			buildSettings = {
				ASSETCATALOG_COMPILER_APPICON_NAME = AppIcon;
				CODE_SIGN_ENTITLEMENTS = NoTouch/NoTouch.entitlements;
				CODE_SIGN_STYLE = Automatic;
				CURRENT_PROJECT_VERSION = 7;
				DEBUG_INFORMATION_FORMAT = "dwarf-with-dsym";
				DEVELOPMENT_TEAM = 79TR88QV2P;
				INFOPLIST_FILE = "$(SRCROOT)/NoTouch/Info.plist";
				IPHONEOS_DEPLOYMENT_TARGET = 13.0;
				LD_RUNPATH_SEARCH_PATHS = "$(inherited) @executable_path/Frameworks";
				PRODUCT_BUNDLE_IDENTIFIER = com.canopyInteractive.noTouch;
				PRODUCT_NAME = NoTouch;
				PROVISIONING_PROFILE_SPECIFIER = "";
				SUPPORTS_MACCATALYST = NO;
				SWIFT_VERSION = 5.0;
				TARGETED_DEVICE_FAMILY = "1,2";
			};
			name = Debug;
		};
		FAD500AF1ED668B60074D713 /* Release */ = {
			isa = XCBuildConfiguration;
			baseConfigurationReference = 9C5574F4C953EB889ECC5B5A /* Pods-NoTouch.release.xcconfig */;
			buildSettings = {
				ASSETCATALOG_COMPILER_APPICON_NAME = AppIcon;
				CODE_SIGN_ENTITLEMENTS = NoTouch/NoTouch.entitlements;
				CODE_SIGN_STYLE = Automatic;
				CURRENT_PROJECT_VERSION = 7;
				DEVELOPMENT_TEAM = 79TR88QV2P;
				INFOPLIST_FILE = "$(SRCROOT)/NoTouch/Info.plist";
				IPHONEOS_DEPLOYMENT_TARGET = 13.0;
				LD_RUNPATH_SEARCH_PATHS = "$(inherited) @executable_path/Frameworks";
				PRODUCT_BUNDLE_IDENTIFIER = com.canopyInteractive.noTouch;
				PRODUCT_NAME = NoTouch;
				PROVISIONING_PROFILE_SPECIFIER = "";
				SUPPORTS_MACCATALYST = NO;
				SWIFT_VERSION = 5.0;
				TARGETED_DEVICE_FAMILY = "1,2";
			};
			name = Release;
		};
/* End XCBuildConfiguration section */

/* Begin XCConfigurationList section */
		C34A85202426742B00161F28 /* Build configuration list for PBXNativeTarget "NoTouchTests" */ = {
			isa = XCConfigurationList;
			buildConfigurations = (
				C34A85212426742B00161F28 /* Debug */,
				C34A85222426742B00161F28 /* Release */,
			);
			defaultConfigurationIsVisible = 0;
			defaultConfigurationName = Release;
		};
		FAD500961ED668B60074D713 /* Build configuration list for PBXProject "NoTouch" */ = {
			isa = XCConfigurationList;
			buildConfigurations = (
				FAD500AB1ED668B60074D713 /* Debug */,
				FAD500AC1ED668B60074D713 /* Release */,
			);
			defaultConfigurationIsVisible = 0;
			defaultConfigurationName = Release;
		};
		FAD500AD1ED668B60074D713 /* Build configuration list for PBXNativeTarget "NoTouch" */ = {
			isa = XCConfigurationList;
			buildConfigurations = (
				FAD500AE1ED668B60074D713 /* Debug */,
				FAD500AF1ED668B60074D713 /* Release */,
			);
			defaultConfigurationIsVisible = 0;
			defaultConfigurationName = Release;
		};
/* End XCConfigurationList section */
	};
	rootObject = FAD500931ED668B60074D713 /* Project object */;
}
