// !$*UTF8*$!
{
	archiveVersion = 1;
	classes = {
	};
	objectVersion = 50;
	objects = {

/* Begin PBXBuildFile section */
		C3808E26246D75FF008304F3 /* CloudKit.framework in Frameworks */ = {isa = PBXBuildFile; fileRef = C39193D0245E20C800789E35 /* CloudKit.framework */; };
		C394DA95244C6DEF00608CFC /* FeedResizer.swift in Sources */ = {isa = PBXBuildFile; fileRef = C394DA94244C6DEF00608CFC /* FeedResizer.swift */; };
		C3BF2AB524422464004BDEE4 /* NoTouchCommon.framework in Frameworks */ = {isa = PBXBuildFile; fileRef = C3BF2AB424422464004BDEE4 /* NoTouchCommon.framework */; };
		C3BF2AB624422464004BDEE4 /* NoTouchCommon.framework in Embed Frameworks */ = {isa = PBXBuildFile; fileRef = C3BF2AB424422464004BDEE4 /* NoTouchCommon.framework */; settings = {ATTRIBUTES = (CodeSignOnCopy, RemoveHeadersOnCopy, ); }; };
		C3EE5950243DFE8B00461EB4 /* AppDelegate.swift in Sources */ = {isa = PBXBuildFile; fileRef = C3EE594F243DFE8B00461EB4 /* AppDelegate.swift */; };
		C3EE5952243DFE8B00461EB4 /* ContentView.swift in Sources */ = {isa = PBXBuildFile; fileRef = C3EE5951243DFE8B00461EB4 /* ContentView.swift */; };
		C3EE5954243DFE9000461EB4 /* Assets.xcassets in Resources */ = {isa = PBXBuildFile; fileRef = C3EE5953243DFE9000461EB4 /* Assets.xcassets */; };
		C3EE5957243DFE9000461EB4 /* Preview Assets.xcassets in Resources */ = {isa = PBXBuildFile; fileRef = C3EE5956243DFE9000461EB4 /* Preview Assets.xcassets */; };
		C3EE595A243DFE9000461EB4 /* Main.storyboard in Resources */ = {isa = PBXBuildFile; fileRef = C3EE5958243DFE9000461EB4 /* Main.storyboard */; };
		C3EE5966243DFE9100461EB4 /* NoTouchMacTests.swift in Sources */ = {isa = PBXBuildFile; fileRef = C3EE5965243DFE9100461EB4 /* NoTouchMacTests.swift */; };
		C3EE5971243DFE9100461EB4 /* NoTouchMacUITests.swift in Sources */ = {isa = PBXBuildFile; fileRef = C3EE5970243DFE9100461EB4 /* NoTouchMacUITests.swift */; };
		C3F4BE942442968B003CBD59 /* NoTouchNotifications.swift in Sources */ = {isa = PBXBuildFile; fileRef = C3F4BE932442968B003CBD59 /* NoTouchNotifications.swift */; };
/* End PBXBuildFile section */

/* Begin PBXContainerItemProxy section */
		C3EE5962243DFE9100461EB4 /* PBXContainerItemProxy */ = {
			isa = PBXContainerItemProxy;
			containerPortal = C3EE5944243DFE8B00461EB4 /* Project object */;
			proxyType = 1;
			remoteGlobalIDString = C3EE594B243DFE8B00461EB4;
			remoteInfo = NoTouchMac;
		};
		C3EE596D243DFE9100461EB4 /* PBXContainerItemProxy */ = {
			isa = PBXContainerItemProxy;
			containerPortal = C3EE5944243DFE8B00461EB4 /* Project object */;
			proxyType = 1;
			remoteGlobalIDString = C3EE594B243DFE8B00461EB4;
			remoteInfo = NoTouchMac;
		};
/* End PBXContainerItemProxy section */

/* Begin PBXCopyFilesBuildPhase section */
		C3BF2AB724422464004BDEE4 /* Embed Frameworks */ = {
			isa = PBXCopyFilesBuildPhase;
			buildActionMask = 2147483647;
			dstPath = "";
			dstSubfolderSpec = 10;
			files = (
				C3BF2AB624422464004BDEE4 /* NoTouchCommon.framework in Embed Frameworks */,
			);
			name = "Embed Frameworks";
			runOnlyForDeploymentPostprocessing = 0;
		};
/* End PBXCopyFilesBuildPhase section */

/* Begin PBXFileReference section */
		C39193D0245E20C800789E35 /* CloudKit.framework */ = {isa = PBXFileReference; lastKnownFileType = wrapper.framework; name = CloudKit.framework; path = System/Library/Frameworks/CloudKit.framework; sourceTree = SDKROOT; };
		C394DA94244C6DEF00608CFC /* FeedResizer.swift */ = {isa = PBXFileReference; lastKnownFileType = sourcecode.swift; path = FeedResizer.swift; sourceTree = "<group>"; };
		C3BF2AAB2442223E004BDEE4 /* NoTouchCommon.framework */ = {isa = PBXFileReference; explicitFileType = wrapper.framework; path = NoTouchCommon.framework; sourceTree = BUILT_PRODUCTS_DIR; };
		C3BF2AB424422464004BDEE4 /* NoTouchCommon.framework */ = {isa = PBXFileReference; explicitFileType = wrapper.framework; path = NoTouchCommon.framework; sourceTree = BUILT_PRODUCTS_DIR; };
		C3EE594C243DFE8B00461EB4 /* HandsOff.app */ = {isa = PBXFileReference; explicitFileType = wrapper.application; includeInIndex = 0; path = HandsOff.app; sourceTree = BUILT_PRODUCTS_DIR; };
		C3EE594F243DFE8B00461EB4 /* AppDelegate.swift */ = {isa = PBXFileReference; lastKnownFileType = sourcecode.swift; path = AppDelegate.swift; sourceTree = "<group>"; };
		C3EE5951243DFE8B00461EB4 /* ContentView.swift */ = {isa = PBXFileReference; lastKnownFileType = sourcecode.swift; path = ContentView.swift; sourceTree = "<group>"; };
		C3EE5953243DFE9000461EB4 /* Assets.xcassets */ = {isa = PBXFileReference; lastKnownFileType = folder.assetcatalog; path = Assets.xcassets; sourceTree = "<group>"; };
		C3EE5956243DFE9000461EB4 /* Preview Assets.xcassets */ = {isa = PBXFileReference; lastKnownFileType = folder.assetcatalog; path = "Preview Assets.xcassets"; sourceTree = "<group>"; };
		C3EE5959243DFE9000461EB4 /* Base */ = {isa = PBXFileReference; lastKnownFileType = file.storyboard; name = Base; path = Base.lproj/Main.storyboard; sourceTree = "<group>"; };
		C3EE595B243DFE9000461EB4 /* Info.plist */ = {isa = PBXFileReference; lastKnownFileType = text.plist.xml; path = Info.plist; sourceTree = "<group>"; };
		C3EE595C243DFE9000461EB4 /* NoTouchMac.entitlements */ = {isa = PBXFileReference; lastKnownFileType = text.plist.entitlements; path = NoTouchMac.entitlements; sourceTree = "<group>"; };
		C3EE5961243DFE9100461EB4 /* NoTouchMacTests.xctest */ = {isa = PBXFileReference; explicitFileType = wrapper.cfbundle; includeInIndex = 0; path = NoTouchMacTests.xctest; sourceTree = BUILT_PRODUCTS_DIR; };
		C3EE5965243DFE9100461EB4 /* NoTouchMacTests.swift */ = {isa = PBXFileReference; lastKnownFileType = sourcecode.swift; path = NoTouchMacTests.swift; sourceTree = "<group>"; };
		C3EE5967243DFE9100461EB4 /* Info.plist */ = {isa = PBXFileReference; lastKnownFileType = text.plist.xml; path = Info.plist; sourceTree = "<group>"; };
		C3EE596C243DFE9100461EB4 /* NoTouchMacUITests.xctest */ = {isa = PBXFileReference; explicitFileType = wrapper.cfbundle; includeInIndex = 0; path = NoTouchMacUITests.xctest; sourceTree = BUILT_PRODUCTS_DIR; };
		C3EE5970243DFE9100461EB4 /* NoTouchMacUITests.swift */ = {isa = PBXFileReference; lastKnownFileType = sourcecode.swift; path = NoTouchMacUITests.swift; sourceTree = "<group>"; };
		C3EE5972243DFE9100461EB4 /* Info.plist */ = {isa = PBXFileReference; lastKnownFileType = text.plist.xml; path = Info.plist; sourceTree = "<group>"; };
		C3F4BE932442968B003CBD59 /* NoTouchNotifications.swift */ = {isa = PBXFileReference; lastKnownFileType = sourcecode.swift; path = NoTouchNotifications.swift; sourceTree = "<group>"; };
/* End PBXFileReference section */

/* Begin PBXFrameworksBuildPhase section */
		C3EE5949243DFE8B00461EB4 /* Frameworks */ = {
			isa = PBXFrameworksBuildPhase;
			buildActionMask = 2147483647;
			files = (
				C3BF2AB524422464004BDEE4 /* NoTouchCommon.framework in Frameworks */,
				C3808E26246D75FF008304F3 /* CloudKit.framework in Frameworks */,
			);
			runOnlyForDeploymentPostprocessing = 0;
		};
		C3EE595E243DFE9100461EB4 /* Frameworks */ = {
			isa = PBXFrameworksBuildPhase;
			buildActionMask = 2147483647;
			files = (
			);
			runOnlyForDeploymentPostprocessing = 0;
		};
		C3EE5969243DFE9100461EB4 /* Frameworks */ = {
			isa = PBXFrameworksBuildPhase;
			buildActionMask = 2147483647;
			files = (
			);
			runOnlyForDeploymentPostprocessing = 0;
		};
/* End PBXFrameworksBuildPhase section */

/* Begin PBXGroup section */
		C394DA93244C6DD700608CFC /* Models */ = {
			isa = PBXGroup;
			children = (
				C394DA94244C6DEF00608CFC /* FeedResizer.swift */,
			);
			path = Models;
			sourceTree = "<group>";
		};
		C3BF2AA6244220F7004BDEE4 /* General */ = {
			isa = PBXGroup;
			children = (
				C3F4BE932442968B003CBD59 /* NoTouchNotifications.swift */,
				C3EE594F243DFE8B00461EB4 /* AppDelegate.swift */,
				C3EE5953243DFE9000461EB4 /* Assets.xcassets */,
				C3EE5958243DFE9000461EB4 /* Main.storyboard */,
			);
			path = General;
			sourceTree = "<group>";
		};
		C3BF2AA7244221A2004BDEE4 /* Views */ = {
			isa = PBXGroup;
			children = (
				C3EE5951243DFE8B00461EB4 /* ContentView.swift */,
			);
			path = Views;
			sourceTree = "<group>";
		};
		C3BF2AAA2442223E004BDEE4 /* Frameworks */ = {
			isa = PBXGroup;
			children = (
				C39193D0245E20C800789E35 /* CloudKit.framework */,
				C3BF2AB424422464004BDEE4 /* NoTouchCommon.framework */,
				C3BF2AAB2442223E004BDEE4 /* NoTouchCommon.framework */,
			);
			name = Frameworks;
			sourceTree = "<group>";
		};
		C3EE5943243DFE8B00461EB4 = {
			isa = PBXGroup;
			children = (
				C3EE594E243DFE8B00461EB4 /* NoTouchMac */,
				C3EE5964243DFE9100461EB4 /* NoTouchMacTests */,
				C3EE596F243DFE9100461EB4 /* NoTouchMacUITests */,
				C3EE594D243DFE8B00461EB4 /* Products */,
				C3BF2AAA2442223E004BDEE4 /* Frameworks */,
			);
			sourceTree = "<group>";
		};
		C3EE594D243DFE8B00461EB4 /* Products */ = {
			isa = PBXGroup;
			children = (
				C3EE594C243DFE8B00461EB4 /* HandsOff.app */,
				C3EE5961243DFE9100461EB4 /* NoTouchMacTests.xctest */,
				C3EE596C243DFE9100461EB4 /* NoTouchMacUITests.xctest */,
			);
			name = Products;
			sourceTree = "<group>";
		};
		C3EE594E243DFE8B00461EB4 /* NoTouchMac */ = {
			isa = PBXGroup;
			children = (
				C3EE595C243DFE9000461EB4 /* NoTouchMac.entitlements */,
				C3EE595B243DFE9000461EB4 /* Info.plist */,
				C394DA93244C6DD700608CFC /* Models */,
				C3BF2AA7244221A2004BDEE4 /* Views */,
				C3BF2AA6244220F7004BDEE4 /* General */,
				C3EE5955243DFE9000461EB4 /* Preview Content */,
			);
			path = NoTouchMac;
			sourceTree = "<group>";
		};
		C3EE5955243DFE9000461EB4 /* Preview Content */ = {
			isa = PBXGroup;
			children = (
				C3EE5956243DFE9000461EB4 /* Preview Assets.xcassets */,
			);
			path = "Preview Content";
			sourceTree = "<group>";
		};
		C3EE5964243DFE9100461EB4 /* NoTouchMacTests */ = {
			isa = PBXGroup;
			children = (
				C3EE5965243DFE9100461EB4 /* NoTouchMacTests.swift */,
				C3EE5967243DFE9100461EB4 /* Info.plist */,
			);
			path = NoTouchMacTests;
			sourceTree = "<group>";
		};
		C3EE596F243DFE9100461EB4 /* NoTouchMacUITests */ = {
			isa = PBXGroup;
			children = (
				C3EE5970243DFE9100461EB4 /* NoTouchMacUITests.swift */,
				C3EE5972243DFE9100461EB4 /* Info.plist */,
			);
			path = NoTouchMacUITests;
			sourceTree = "<group>";
		};
/* End PBXGroup section */

/* Begin PBXNativeTarget section */
		C3EE594B243DFE8B00461EB4 /* HandsOff */ = {
			isa = PBXNativeTarget;
			buildConfigurationList = C3EE5975243DFE9100461EB4 /* Build configuration list for PBXNativeTarget "HandsOff" */;
			buildPhases = (
				C3EE5948243DFE8B00461EB4 /* Sources */,
				C3EE5949243DFE8B00461EB4 /* Frameworks */,
				C3EE594A243DFE8B00461EB4 /* Resources */,
				C3BF2AB724422464004BDEE4 /* Embed Frameworks */,
			);
			buildRules = (
			);
			dependencies = (
			);
			name = HandsOff;
			productName = NoTouchMac;
			productReference = C3EE594C243DFE8B00461EB4 /* HandsOff.app */;
			productType = "com.apple.product-type.application";
		};
		C3EE5960243DFE9100461EB4 /* NoTouchMacTests */ = {
			isa = PBXNativeTarget;
			buildConfigurationList = C3EE5978243DFE9100461EB4 /* Build configuration list for PBXNativeTarget "NoTouchMacTests" */;
			buildPhases = (
				C3EE595D243DFE9100461EB4 /* Sources */,
				C3EE595E243DFE9100461EB4 /* Frameworks */,
				C3EE595F243DFE9100461EB4 /* Resources */,
			);
			buildRules = (
			);
			dependencies = (
				C3EE5963243DFE9100461EB4 /* PBXTargetDependency */,
			);
			name = NoTouchMacTests;
			productName = NoTouchMacTests;
			productReference = C3EE5961243DFE9100461EB4 /* NoTouchMacTests.xctest */;
			productType = "com.apple.product-type.bundle.unit-test";
		};
		C3EE596B243DFE9100461EB4 /* NoTouchMacUITests */ = {
			isa = PBXNativeTarget;
			buildConfigurationList = C3EE597B243DFE9100461EB4 /* Build configuration list for PBXNativeTarget "NoTouchMacUITests" */;
			buildPhases = (
				C3EE5968243DFE9100461EB4 /* Sources */,
				C3EE5969243DFE9100461EB4 /* Frameworks */,
				C3EE596A243DFE9100461EB4 /* Resources */,
			);
			buildRules = (
			);
			dependencies = (
				C3EE596E243DFE9100461EB4 /* PBXTargetDependency */,
			);
			name = NoTouchMacUITests;
			productName = NoTouchMacUITests;
			productReference = C3EE596C243DFE9100461EB4 /* NoTouchMacUITests.xctest */;
			productType = "com.apple.product-type.bundle.ui-testing";
		};
/* End PBXNativeTarget section */

/* Begin PBXProject section */
		C3EE5944243DFE8B00461EB4 /* Project object */ = {
			isa = PBXProject;
			attributes = {
				LastSwiftUpdateCheck = 1140;
				LastUpgradeCheck = 1140;
				ORGANIZATIONNAME = "Canopy Interactive";
				TargetAttributes = {
					C3EE594B243DFE8B00461EB4 = {
						CreatedOnToolsVersion = 11.4;
					};
					C3EE5960243DFE9100461EB4 = {
						CreatedOnToolsVersion = 11.4;
						TestTargetID = C3EE594B243DFE8B00461EB4;
					};
					C3EE596B243DFE9100461EB4 = {
						CreatedOnToolsVersion = 11.4;
						TestTargetID = C3EE594B243DFE8B00461EB4;
					};
				};
			};
			buildConfigurationList = C3EE5947243DFE8B00461EB4 /* Build configuration list for PBXProject "NoTouchMac" */;
			compatibilityVersion = "Xcode 9.3";
			developmentRegion = en;
			hasScannedForEncodings = 0;
			knownRegions = (
				en,
				Base,
			);
			mainGroup = C3EE5943243DFE8B00461EB4;
			productRefGroup = C3EE594D243DFE8B00461EB4 /* Products */;
			projectDirPath = "";
			projectRoot = "";
			targets = (
				C3EE594B243DFE8B00461EB4 /* HandsOff */,
				C3EE5960243DFE9100461EB4 /* NoTouchMacTests */,
				C3EE596B243DFE9100461EB4 /* NoTouchMacUITests */,
			);
		};
/* End PBXProject section */

/* Begin PBXResourcesBuildPhase section */
		C3EE594A243DFE8B00461EB4 /* Resources */ = {
			isa = PBXResourcesBuildPhase;
			buildActionMask = 2147483647;
			files = (
				C3EE595A243DFE9000461EB4 /* Main.storyboard in Resources */,
				C3EE5957243DFE9000461EB4 /* Preview Assets.xcassets in Resources */,
				C3EE5954243DFE9000461EB4 /* Assets.xcassets in Resources */,
			);
			runOnlyForDeploymentPostprocessing = 0;
		};
		C3EE595F243DFE9100461EB4 /* Resources */ = {
			isa = PBXResourcesBuildPhase;
			buildActionMask = 2147483647;
			files = (
			);
			runOnlyForDeploymentPostprocessing = 0;
		};
		C3EE596A243DFE9100461EB4 /* Resources */ = {
			isa = PBXResourcesBuildPhase;
			buildActionMask = 2147483647;
			files = (
			);
			runOnlyForDeploymentPostprocessing = 0;
		};
/* End PBXResourcesBuildPhase section */

/* Begin PBXSourcesBuildPhase section */
		C3EE5948243DFE8B00461EB4 /* Sources */ = {
			isa = PBXSourcesBuildPhase;
			buildActionMask = 2147483647;
			files = (
				C3F4BE942442968B003CBD59 /* NoTouchNotifications.swift in Sources */,
				C3EE5952243DFE8B00461EB4 /* ContentView.swift in Sources */,
				C394DA95244C6DEF00608CFC /* FeedResizer.swift in Sources */,
				C3EE5950243DFE8B00461EB4 /* AppDelegate.swift in Sources */,
			);
			runOnlyForDeploymentPostprocessing = 0;
		};
		C3EE595D243DFE9100461EB4 /* Sources */ = {
			isa = PBXSourcesBuildPhase;
			buildActionMask = 2147483647;
			files = (
				C3EE5966243DFE9100461EB4 /* NoTouchMacTests.swift in Sources */,
			);
			runOnlyForDeploymentPostprocessing = 0;
		};
		C3EE5968243DFE9100461EB4 /* Sources */ = {
			isa = PBXSourcesBuildPhase;
			buildActionMask = 2147483647;
			files = (
				C3EE5971243DFE9100461EB4 /* NoTouchMacUITests.swift in Sources */,
			);
			runOnlyForDeploymentPostprocessing = 0;
		};
/* End PBXSourcesBuildPhase section */

/* Begin PBXTargetDependency section */
		C3EE5963243DFE9100461EB4 /* PBXTargetDependency */ = {
			isa = PBXTargetDependency;
			target = C3EE594B243DFE8B00461EB4 /* HandsOff */;
			targetProxy = C3EE5962243DFE9100461EB4 /* PBXContainerItemProxy */;
		};
		C3EE596E243DFE9100461EB4 /* PBXTargetDependency */ = {
			isa = PBXTargetDependency;
			target = C3EE594B243DFE8B00461EB4 /* HandsOff */;
			targetProxy = C3EE596D243DFE9100461EB4 /* PBXContainerItemProxy */;
		};
/* End PBXTargetDependency section */

/* Begin PBXVariantGroup section */
		C3EE5958243DFE9000461EB4 /* Main.storyboard */ = {
			isa = PBXVariantGroup;
			children = (
				C3EE5959243DFE9000461EB4 /* Base */,
			);
			name = Main.storyboard;
			sourceTree = "<group>";
		};
/* End PBXVariantGroup section */

/* Begin XCBuildConfiguration section */
		C3EE5973243DFE9100461EB4 /* Debug */ = {
			isa = XCBuildConfiguration;
			buildSettings = {
				ALWAYS_SEARCH_USER_PATHS = NO;
				CLANG_ANALYZER_NONNULL = YES;
				CLANG_ANALYZER_NUMBER_OBJECT_CONVERSION = YES_AGGRESSIVE;
				CLANG_CXX_LANGUAGE_STANDARD = "gnu++14";
				CLANG_CXX_LIBRARY = "libc++";
				CLANG_ENABLE_MODULES = YES;
				CLANG_ENABLE_OBJC_ARC = YES;
				CLANG_ENABLE_OBJC_WEAK = YES;
				CLANG_WARN_BLOCK_CAPTURE_AUTORELEASING = YES;
				CLANG_WARN_BOOL_CONVERSION = YES;
				CLANG_WARN_COMMA = YES;
				CLANG_WARN_CONSTANT_CONVERSION = YES;
				CLANG_WARN_DEPRECATED_OBJC_IMPLEMENTATIONS = YES;
				CLANG_WARN_DIRECT_OBJC_ISA_USAGE = YES_ERROR;
				CLANG_WARN_DOCUMENTATION_COMMENTS = YES;
				CLANG_WARN_EMPTY_BODY = YES;
				CLANG_WARN_ENUM_CONVERSION = YES;
				CLANG_WARN_INFINITE_RECURSION = YES;
				CLANG_WARN_INT_CONVERSION = YES;
				CLANG_WARN_NON_LITERAL_NULL_CONVERSION = YES;
				CLANG_WARN_OBJC_IMPLICIT_RETAIN_SELF = YES;
				CLANG_WARN_OBJC_LITERAL_CONVERSION = YES;
				CLANG_WARN_OBJC_ROOT_CLASS = YES_ERROR;
				CLANG_WARN_RANGE_LOOP_ANALYSIS = YES;
				CLANG_WARN_STRICT_PROTOTYPES = YES;
				CLANG_WARN_SUSPICIOUS_MOVE = YES;
				CLANG_WARN_UNGUARDED_AVAILABILITY = YES_AGGRESSIVE;
				CLANG_WARN_UNREACHABLE_CODE = YES;
				CLANG_WARN__DUPLICATE_METHOD_MATCH = YES;
				COPY_PHASE_STRIP = NO;
				DEBUG_INFORMATION_FORMAT = dwarf;
				ENABLE_STRICT_OBJC_MSGSEND = YES;
				ENABLE_TESTABILITY = YES;
				GCC_C_LANGUAGE_STANDARD = gnu11;
				GCC_DYNAMIC_NO_PIC = NO;
				GCC_NO_COMMON_BLOCKS = YES;
				GCC_OPTIMIZATION_LEVEL = 0;
				GCC_PREPROCESSOR_DEFINITIONS = (
					"DEBUG=1",
					"$(inherited)",
				);
				GCC_WARN_64_TO_32_BIT_CONVERSION = YES;
				GCC_WARN_ABOUT_RETURN_TYPE = YES_ERROR;
				GCC_WARN_UNDECLARED_SELECTOR = YES;
				GCC_WARN_UNINITIALIZED_AUTOS = YES_AGGRESSIVE;
				GCC_WARN_UNUSED_FUNCTION = YES;
				GCC_WARN_UNUSED_VARIABLE = YES;
				MACOSX_DEPLOYMENT_TARGET = 10.15;
				MTL_ENABLE_DEBUG_INFO = INCLUDE_SOURCE;
				MTL_FAST_MATH = YES;
				ONLY_ACTIVE_ARCH = YES;
				SDKROOT = macosx;
				SWIFT_ACTIVE_COMPILATION_CONDITIONS = DEBUG;
				SWIFT_OPTIMIZATION_LEVEL = "-Onone";
			};
			name = Debug;
		};
		C3EE5974243DFE9100461EB4 /* Release */ = {
			isa = XCBuildConfiguration;
			buildSettings = {
				ALWAYS_SEARCH_USER_PATHS = NO;
				CLANG_ANALYZER_NONNULL = YES;
				CLANG_ANALYZER_NUMBER_OBJECT_CONVERSION = YES_AGGRESSIVE;
				CLANG_CXX_LANGUAGE_STANDARD = "gnu++14";
				CLANG_CXX_LIBRARY = "libc++";
				CLANG_ENABLE_MODULES = YES;
				CLANG_ENABLE_OBJC_ARC = YES;
				CLANG_ENABLE_OBJC_WEAK = YES;
				CLANG_WARN_BLOCK_CAPTURE_AUTORELEASING = YES;
				CLANG_WARN_BOOL_CONVERSION = YES;
				CLANG_WARN_COMMA = YES;
				CLANG_WARN_CONSTANT_CONVERSION = YES;
				CLANG_WARN_DEPRECATED_OBJC_IMPLEMENTATIONS = YES;
				CLANG_WARN_DIRECT_OBJC_ISA_USAGE = YES_ERROR;
				CLANG_WARN_DOCUMENTATION_COMMENTS = YES;
				CLANG_WARN_EMPTY_BODY = YES;
				CLANG_WARN_ENUM_CONVERSION = YES;
				CLANG_WARN_INFINITE_RECURSION = YES;
				CLANG_WARN_INT_CONVERSION = YES;
				CLANG_WARN_NON_LITERAL_NULL_CONVERSION = YES;
				CLANG_WARN_OBJC_IMPLICIT_RETAIN_SELF = YES;
				CLANG_WARN_OBJC_LITERAL_CONVERSION = YES;
				CLANG_WARN_OBJC_ROOT_CLASS = YES_ERROR;
				CLANG_WARN_RANGE_LOOP_ANALYSIS = YES;
				CLANG_WARN_STRICT_PROTOTYPES = YES;
				CLANG_WARN_SUSPICIOUS_MOVE = YES;
				CLANG_WARN_UNGUARDED_AVAILABILITY = YES_AGGRESSIVE;
				CLANG_WARN_UNREACHABLE_CODE = YES;
				CLANG_WARN__DUPLICATE_METHOD_MATCH = YES;
				COPY_PHASE_STRIP = NO;
				DEBUG_INFORMATION_FORMAT = "dwarf-with-dsym";
				ENABLE_NS_ASSERTIONS = NO;
				ENABLE_STRICT_OBJC_MSGSEND = YES;
				GCC_C_LANGUAGE_STANDARD = gnu11;
				GCC_NO_COMMON_BLOCKS = YES;
				GCC_WARN_64_TO_32_BIT_CONVERSION = YES;
				GCC_WARN_ABOUT_RETURN_TYPE = YES_ERROR;
				GCC_WARN_UNDECLARED_SELECTOR = YES;
				GCC_WARN_UNINITIALIZED_AUTOS = YES_AGGRESSIVE;
				GCC_WARN_UNUSED_FUNCTION = YES;
				GCC_WARN_UNUSED_VARIABLE = YES;
				MACOSX_DEPLOYMENT_TARGET = 10.15;
				MTL_ENABLE_DEBUG_INFO = NO;
				MTL_FAST_MATH = YES;
				SDKROOT = macosx;
				SWIFT_COMPILATION_MODE = wholemodule;
				SWIFT_OPTIMIZATION_LEVEL = "-O";
			};
			name = Release;
		};
		C3EE5976243DFE9100461EB4 /* Debug */ = {
			isa = XCBuildConfiguration;
			buildSettings = {
				ASSETCATALOG_COMPILER_APPICON_NAME = AppIcon;
				CODE_SIGN_ENTITLEMENTS = NoTouchMac/NoTouchMac.entitlements;
				CODE_SIGN_IDENTITY = "Apple Development";
				CODE_SIGN_STYLE = Automatic;
				COMBINE_HIDPI_IMAGES = YES;
				CURRENT_PROJECT_VERSION = 14;
				DEVELOPMENT_ASSET_PATHS = "\"NoTouchMac/Preview Content\"";
				DEVELOPMENT_TEAM = 79TR88QV2P;
				ENABLE_HARDENED_RUNTIME = YES;
				ENABLE_PREVIEWS = YES;
				FRAMEWORK_SEARCH_PATHS = "";
				INFOPLIST_FILE = NoTouchMac/Info.plist;
				LD_RUNPATH_SEARCH_PATHS = (
					"$(inherited)",
					"@executable_path/../Frameworks",
				);
				MACOSX_DEPLOYMENT_TARGET = 10.15;
				MARKETING_VERSION = 1.1.3;
				PRODUCT_BUNDLE_IDENTIFIER = com.canopyInteractive.handsOff;
				PRODUCT_NAME = "$(TARGET_NAME)";
				SWIFT_VERSION = 5.0;
				VALID_ARCHS = "i386 x86_64";
			};
			name = Debug;
		};
		C3EE5977243DFE9100461EB4 /* Release */ = {
			isa = XCBuildConfiguration;
			buildSettings = {
				ASSETCATALOG_COMPILER_APPICON_NAME = AppIcon;
				CODE_SIGN_ENTITLEMENTS = NoTouchMac/NoTouchMac.entitlements;
				CODE_SIGN_IDENTITY = "Apple Development";
				CODE_SIGN_STYLE = Automatic;
				COMBINE_HIDPI_IMAGES = YES;
				CURRENT_PROJECT_VERSION = 14;
				DEVELOPMENT_ASSET_PATHS = "\"NoTouchMac/Preview Content\"";
				DEVELOPMENT_TEAM = 79TR88QV2P;
				ENABLE_HARDENED_RUNTIME = YES;
				ENABLE_PREVIEWS = YES;
				FRAMEWORK_SEARCH_PATHS = "";
				INFOPLIST_FILE = NoTouchMac/Info.plist;
				LD_RUNPATH_SEARCH_PATHS = (
					"$(inherited)",
					"@executable_path/../Frameworks",
				);
				MACOSX_DEPLOYMENT_TARGET = 10.15;
				MARKETING_VERSION = 1.1.3;
				PRODUCT_BUNDLE_IDENTIFIER = com.canopyInteractive.handsOff;
				PRODUCT_NAME = "$(TARGET_NAME)";
				SWIFT_VERSION = 5.0;
				VALID_ARCHS = "i386 x86_64";
			};
			name = Release;
		};
		C3EE5979243DFE9100461EB4 /* Debug */ = {
			isa = XCBuildConfiguration;
			buildSettings = {
				ALWAYS_EMBED_SWIFT_STANDARD_LIBRARIES = YES;
				BUNDLE_LOADER = "$(TEST_HOST)";
				CODE_SIGN_STYLE = Automatic;
				COMBINE_HIDPI_IMAGES = YES;
				DEVELOPMENT_TEAM = 79TR88QV2P;
				INFOPLIST_FILE = NoTouchMacTests/Info.plist;
				LD_RUNPATH_SEARCH_PATHS = (
					"$(inherited)",
					"@executable_path/../Frameworks",
					"@loader_path/../Frameworks",
				);
				MACOSX_DEPLOYMENT_TARGET = 10.15;
				PRODUCT_BUNDLE_IDENTIFIER = com.canopy.NoTouchMacTests;
				PRODUCT_NAME = "$(TARGET_NAME)";
				SWIFT_VERSION = 5.0;
				TEST_HOST = "$(BUILT_PRODUCTS_DIR)/NoTouchMac.app/Contents/MacOS/NoTouchMac";
			};
			name = Debug;
		};
		C3EE597A243DFE9100461EB4 /* Release */ = {
			isa = XCBuildConfiguration;
			buildSettings = {
				ALWAYS_EMBED_SWIFT_STANDARD_LIBRARIES = YES;
				BUNDLE_LOADER = "$(TEST_HOST)";
				CODE_SIGN_STYLE = Automatic;
				COMBINE_HIDPI_IMAGES = YES;
				DEVELOPMENT_TEAM = 79TR88QV2P;
				INFOPLIST_FILE = NoTouchMacTests/Info.plist;
				LD_RUNPATH_SEARCH_PATHS = (
					"$(inherited)",
					"@executable_path/../Frameworks",
					"@loader_path/../Frameworks",
				);
				MACOSX_DEPLOYMENT_TARGET = 10.15;
				PRODUCT_BUNDLE_IDENTIFIER = com.canopy.NoTouchMacTests;
				PRODUCT_NAME = "$(TARGET_NAME)";
				SWIFT_VERSION = 5.0;
				TEST_HOST = "$(BUILT_PRODUCTS_DIR)/NoTouchMac.app/Contents/MacOS/NoTouchMac";
			};
			name = Release;
		};
		C3EE597C243DFE9100461EB4 /* Debug */ = {
			isa = XCBuildConfiguration;
			buildSettings = {
				ALWAYS_EMBED_SWIFT_STANDARD_LIBRARIES = YES;
				CODE_SIGN_STYLE = Automatic;
				COMBINE_HIDPI_IMAGES = YES;
				DEVELOPMENT_TEAM = 79TR88QV2P;
				INFOPLIST_FILE = NoTouchMacUITests/Info.plist;
				LD_RUNPATH_SEARCH_PATHS = (
					"$(inherited)",
					"@executable_path/../Frameworks",
					"@loader_path/../Frameworks",
				);
				PRODUCT_BUNDLE_IDENTIFIER = com.canopy.NoTouchMacUITests;
				PRODUCT_NAME = "$(TARGET_NAME)";
				SWIFT_VERSION = 5.0;
				TEST_TARGET_NAME = NoTouchMac;
			};
			name = Debug;
		};
		C3EE597D243DFE9100461EB4 /* Release */ = {
			isa = XCBuildConfiguration;
			buildSettings = {
				ALWAYS_EMBED_SWIFT_STANDARD_LIBRARIES = YES;
				CODE_SIGN_STYLE = Automatic;
				COMBINE_HIDPI_IMAGES = YES;
				DEVELOPMENT_TEAM = 79TR88QV2P;
				INFOPLIST_FILE = NoTouchMacUITests/Info.plist;
				LD_RUNPATH_SEARCH_PATHS = (
					"$(inherited)",
					"@executable_path/../Frameworks",
					"@loader_path/../Frameworks",
				);
				PRODUCT_BUNDLE_IDENTIFIER = com.canopy.NoTouchMacUITests;
				PRODUCT_NAME = "$(TARGET_NAME)";
				SWIFT_VERSION = 5.0;
				TEST_TARGET_NAME = NoTouchMac;
			};
			name = Release;
		};
/* End XCBuildConfiguration section */

/* Begin XCConfigurationList section */
		C3EE5947243DFE8B00461EB4 /* Build configuration list for PBXProject "NoTouchMac" */ = {
			isa = XCConfigurationList;
			buildConfigurations = (
				C3EE5973243DFE9100461EB4 /* Debug */,
				C3EE5974243DFE9100461EB4 /* Release */,
			);
			defaultConfigurationIsVisible = 0;
			defaultConfigurationName = Release;
		};
		C3EE5975243DFE9100461EB4 /* Build configuration list for PBXNativeTarget "HandsOff" */ = {
			isa = XCConfigurationList;
			buildConfigurations = (
				C3EE5976243DFE9100461EB4 /* Debug */,
				C3EE5977243DFE9100461EB4 /* Release */,
			);
			defaultConfigurationIsVisible = 0;
			defaultConfigurationName = Release;
		};
		C3EE5978243DFE9100461EB4 /* Build configuration list for PBXNativeTarget "NoTouchMacTests" */ = {
			isa = XCConfigurationList;
			buildConfigurations = (
				C3EE5979243DFE9100461EB4 /* Debug */,
				C3EE597A243DFE9100461EB4 /* Release */,
			);
			defaultConfigurationIsVisible = 0;
			defaultConfigurationName = Release;
		};
		C3EE597B243DFE9100461EB4 /* Build configuration list for PBXNativeTarget "NoTouchMacUITests" */ = {
			isa = XCConfigurationList;
			buildConfigurations = (
				C3EE597C243DFE9100461EB4 /* Debug */,
				C3EE597D243DFE9100461EB4 /* Release */,
			);
			defaultConfigurationIsVisible = 0;
			defaultConfigurationName = Release;
		};
/* End XCConfigurationList section */
	};
	rootObject = C3EE5944243DFE8B00461EB4 /* Project object */;
}
